// !$*UTF8*$!
{
	archiveVersion = 1;
	classes = {
	};
	objectVersion = 46;
	objects = {

/* Begin PBXBuildFile section */
		925FC4EF1E7FD79400023110 /* UhutuRnPlus.h in Headers */ = {isa = PBXBuildFile; fileRef = 925FC4ED1E7FD79400023110 /* UhutuRnPlus.h */; settings = {ATTRIBUTES = (Public, ); }; };
		925FC5541E7FE08900023110 /* libresolv.9.tbd in Frameworks */ = {isa = PBXBuildFile; fileRef = 925FC5531E7FE08900023110 /* libresolv.9.tbd */; };
		925FC5561E7FE09400023110 /* libicucore.tbd in Frameworks */ = {isa = PBXBuildFile; fileRef = 925FC5551E7FE09400023110 /* libicucore.tbd */; };
		925FC5581E7FE0A000023110 /* libsqlite3.tbd in Frameworks */ = {isa = PBXBuildFile; fileRef = 925FC5571E7FE0A000023110 /* libsqlite3.tbd */; };
		925FC55A1E7FE0AE00023110 /* libz.tbd in Frameworks */ = {isa = PBXBuildFile; fileRef = 925FC5591E7FE0AE00023110 /* libz.tbd */; };
		925FC55C1E7FE0BB00023110 /* libstdc++.6.0.9.tbd in Frameworks */ = {isa = PBXBuildFile; fileRef = 925FC55B1E7FE0BB00023110 /* libstdc++.6.0.9.tbd */; };
		925FC55E1E7FE0C400023110 /* CoreTelephony.framework in Frameworks */ = {isa = PBXBuildFile; fileRef = 925FC55D1E7FE0C400023110 /* CoreTelephony.framework */; };
		925FC5601E7FE0CB00023110 /* MediaPlayer.framework in Frameworks */ = {isa = PBXBuildFile; fileRef = 925FC55F1E7FE0CB00023110 /* MediaPlayer.framework */; };
		925FC57E1E80D55000023110 /* CFNetwork.framework in Frameworks */ = {isa = PBXBuildFile; fileRef = 925FC57D1E80D55000023110 /* CFNetwork.framework */; };
		925FC5801E80D55700023110 /* SystemConfiguration.framework in Frameworks */ = {isa = PBXBuildFile; fileRef = 925FC57F1E80D55700023110 /* SystemConfiguration.framework */; };
		925FC5821E80D55E00023110 /* MobileCoreServices.framework in Frameworks */ = {isa = PBXBuildFile; fileRef = 925FC5811E80D55E00023110 /* MobileCoreServices.framework */; };
		925FC5841E80D56500023110 /* AudioToolbox.framework in Frameworks */ = {isa = PBXBuildFile; fileRef = 925FC5831E80D56500023110 /* AudioToolbox.framework */; };
		925FC5861E80D56B00023110 /* CoreGraphics.framework in Frameworks */ = {isa = PBXBuildFile; fileRef = 925FC5851E80D56B00023110 /* CoreGraphics.framework */; };
		925FC5881E80D57100023110 /* AVFoundation.framework in Frameworks */ = {isa = PBXBuildFile; fileRef = 925FC5871E80D57100023110 /* AVFoundation.framework */; };
		925FC58A1E80D57700023110 /* VideoToolbox.framework in Frameworks */ = {isa = PBXBuildFile; fileRef = 925FC5891E80D57700023110 /* VideoToolbox.framework */; };
		92D270FD1E8371460016F07A /* PlusYtx.m in Sources */ = {isa = PBXBuildFile; fileRef = 92D270FC1E8371460016F07A /* PlusYtx.m */; };
		92D272A61E84AE570016F07A /* CCPSDKBundle.bundle in Resources */ = {isa = PBXBuildFile; fileRef = 92D272661E84AE570016F07A /* CCPSDKBundle.bundle */; };
		92D272A71E84AE570016F07A /* ECChatDelegate.h in Headers */ = {isa = PBXBuildFile; fileRef = 92D272681E84AE570016F07A /* ECChatDelegate.h */; };
		92D272A81E84AE570016F07A /* ECDelegateBase.h in Headers */ = {isa = PBXBuildFile; fileRef = 92D272691E84AE570016F07A /* ECDelegateBase.h */; };
		92D272A91E84AE570016F07A /* ECDeskDelegate.h in Headers */ = {isa = PBXBuildFile; fileRef = 92D2726A1E84AE570016F07A /* ECDeskDelegate.h */; };
		92D272AA1E84AE570016F07A /* ECGroupDelegate.h in Headers */ = {isa = PBXBuildFile; fileRef = 92D2726B1E84AE570016F07A /* ECGroupDelegate.h */; };
		92D272AB1E84AE570016F07A /* ECMeetingDelegate.h in Headers */ = {isa = PBXBuildFile; fileRef = 92D2726C1E84AE570016F07A /* ECMeetingDelegate.h */; };
		92D272AC1E84AE570016F07A /* ECMessageDelegate.h in Headers */ = {isa = PBXBuildFile; fileRef = 92D2726D1E84AE570016F07A /* ECMessageDelegate.h */; };
		92D272AD1E84AE570016F07A /* ECNetworkDelegate.h in Headers */ = {isa = PBXBuildFile; fileRef = 92D2726E1E84AE570016F07A /* ECNetworkDelegate.h */; };
		92D272AE1E84AE570016F07A /* ECSystemDelegate.h in Headers */ = {isa = PBXBuildFile; fileRef = 92D2726F1E84AE570016F07A /* ECSystemDelegate.h */; };
		92D272AF1E84AE570016F07A /* ECVoIPCallDelegate.h in Headers */ = {isa = PBXBuildFile; fileRef = 92D272701E84AE570016F07A /* ECVoIPCallDelegate.h */; };
		92D272B01E84AE570016F07A /* ECDevice.h in Headers */ = {isa = PBXBuildFile; fileRef = 92D272711E84AE570016F07A /* ECDevice.h */; };
		92D272B11E84AE570016F07A /* ECDeviceDelegate.h in Headers */ = {isa = PBXBuildFile; fileRef = 92D272721E84AE570016F07A /* ECDeviceDelegate.h */; };
		92D272B21E84AE570016F07A /* ECDeviceHeaders.h in Headers */ = {isa = PBXBuildFile; fileRef = 92D272731E84AE570016F07A /* ECDeviceHeaders.h */; };
		92D272B31E84AE570016F07A /* ECEnumDefs.h in Headers */ = {isa = PBXBuildFile; fileRef = 92D272751E84AE570016F07A /* ECEnumDefs.h */; };
		92D272B41E84AE570016F07A /* YTX_iOS_Full_SDK_v5.3.1r1.a in Frameworks */ = {isa = PBXBuildFile; fileRef = 92D272771E84AE570016F07A /* YTX_iOS_Full_SDK_v5.3.1r1.a */; };
		92D272B51E84AE570016F07A /* ECChatManager.h in Headers */ = {isa = PBXBuildFile; fileRef = 92D272791E84AE570016F07A /* ECChatManager.h */; };
		92D272B61E84AE570016F07A /* ECDeskManager.h in Headers */ = {isa = PBXBuildFile; fileRef = 92D2727A1E84AE570016F07A /* ECDeskManager.h */; };
		92D272B71E84AE570016F07A /* ECGroupManager.h in Headers */ = {isa = PBXBuildFile; fileRef = 92D2727B1E84AE570016F07A /* ECGroupManager.h */; };
		92D272B81E84AE570016F07A /* ECManagerBase.h in Headers */ = {isa = PBXBuildFile; fileRef = 92D2727C1E84AE570016F07A /* ECManagerBase.h */; };
		92D272B91E84AE570016F07A /* ECMeetingManager.h in Headers */ = {isa = PBXBuildFile; fileRef = 92D2727D1E84AE570016F07A /* ECMeetingManager.h */; };
		92D272BA1E84AE570016F07A /* ECMessageManager.h in Headers */ = {isa = PBXBuildFile; fileRef = 92D2727E1E84AE570016F07A /* ECMessageManager.h */; };
		92D272BB1E84AE570016F07A /* ECVoIPCallManager.h in Headers */ = {isa = PBXBuildFile; fileRef = 92D2727F1E84AE570016F07A /* ECVoIPCallManager.h */; };
		92D272BC1E84AE570016F07A /* ECVoIPManager.h in Headers */ = {isa = PBXBuildFile; fileRef = 92D272801E84AE570016F07A /* ECVoIPManager.h */; };
		92D272BD1E84AE570016F07A /* ECVoIPSetManager.h in Headers */ = {isa = PBXBuildFile; fileRef = 92D272811E84AE570016F07A /* ECVoIPSetManager.h */; };
		92D272BE1E84AE570016F07A /* CameraDeviceInfo.h in Headers */ = {isa = PBXBuildFile; fileRef = 92D272831E84AE570016F07A /* CameraDeviceInfo.h */; };
		92D272BF1E84AE570016F07A /* ECAudioConfig.h in Headers */ = {isa = PBXBuildFile; fileRef = 92D272841E84AE570016F07A /* ECAudioConfig.h */; };
		92D272C01E84AE570016F07A /* ECCallMessageBody.h in Headers */ = {isa = PBXBuildFile; fileRef = 92D272851E84AE570016F07A /* ECCallMessageBody.h */; };
		92D272C11E84AE570016F07A /* ECCreateMeetingParams.h in Headers */ = {isa = PBXBuildFile; fileRef = 92D272861E84AE570016F07A /* ECCreateMeetingParams.h */; };
		92D272C21E84AE570016F07A /* ECError.h in Headers */ = {isa = PBXBuildFile; fileRef = 92D272871E84AE570016F07A /* ECError.h */; };
		92D272C31E84AE570016F07A /* ECFileMessageBody.h in Headers */ = {isa = PBXBuildFile; fileRef = 92D272881E84AE570016F07A /* ECFileMessageBody.h */; };
		92D272C41E84AE570016F07A /* ECGroup.h in Headers */ = {isa = PBXBuildFile; fileRef = 92D272891E84AE570016F07A /* ECGroup.h */; };
		92D272C51E84AE570016F07A /* ECGroupMatch.h in Headers */ = {isa = PBXBuildFile; fileRef = 92D2728A1E84AE570016F07A /* ECGroupMatch.h */; };
		92D272C61E84AE570016F07A /* ECGroupMember.h in Headers */ = {isa = PBXBuildFile; fileRef = 92D2728B1E84AE570016F07A /* ECGroupMember.h */; };
		92D272C71E84AE570016F07A /* ECGroupNoticeMessage.h in Headers */ = {isa = PBXBuildFile; fileRef = 92D2728C1E84AE570016F07A /* ECGroupNoticeMessage.h */; };
		92D272C81E84AE570016F07A /* ECGroupOption.h in Headers */ = {isa = PBXBuildFile; fileRef = 92D2728D1E84AE570016F07A /* ECGroupOption.h */; };
		92D272C91E84AE570016F07A /* ECImageMessageBody.h in Headers */ = {isa = PBXBuildFile; fileRef = 92D2728E1E84AE570016F07A /* ECImageMessageBody.h */; };
		92D272CA1E84AE570016F07A /* ECInterphoneMeetingMsg.h in Headers */ = {isa = PBXBuildFile; fileRef = 92D2728F1E84AE570016F07A /* ECInterphoneMeetingMsg.h */; };
		92D272CB1E84AE570016F07A /* ECLocationMessageBody.h in Headers */ = {isa = PBXBuildFile; fileRef = 92D272901E84AE570016F07A /* ECLocationMessageBody.h */; };
		92D272CC1E84AE570016F07A /* ECLoginInfo.h in Headers */ = {isa = PBXBuildFile; fileRef = 92D272911E84AE570016F07A /* ECLoginInfo.h */; };
		92D272CD1E84AE570016F07A /* ECMeetingMember.h in Headers */ = {isa = PBXBuildFile; fileRef = 92D272921E84AE570016F07A /* ECMeetingMember.h */; };
		92D272CE1E84AE570016F07A /* ECMeetingRoom.h in Headers */ = {isa = PBXBuildFile; fileRef = 92D272931E84AE570016F07A /* ECMeetingRoom.h */; };
		92D272CF1E84AE570016F07A /* ECMessage.h in Headers */ = {isa = PBXBuildFile; fileRef = 92D272941E84AE570016F07A /* ECMessage.h */; };
		92D272D01E84AE570016F07A /* ECMessageBody.h in Headers */ = {isa = PBXBuildFile; fileRef = 92D272951E84AE570016F07A /* ECMessageBody.h */; };
		92D272D11E84AE570016F07A /* ECMessageNotifyMsg.h in Headers */ = {isa = PBXBuildFile; fileRef = 92D272961E84AE570016F07A /* ECMessageNotifyMsg.h */; };
		92D272D21E84AE570016F07A /* ECMultiDeviceState.h in Headers */ = {isa = PBXBuildFile; fileRef = 92D272971E84AE570016F07A /* ECMultiDeviceState.h */; };
		92D272D31E84AE570016F07A /* ECMultiVideoMeetingMsg.h in Headers */ = {isa = PBXBuildFile; fileRef = 92D272981E84AE570016F07A /* ECMultiVideoMeetingMsg.h */; };
		92D272D41E84AE570016F07A /* ECMultiVoiceMeetingMsg.h in Headers */ = {isa = PBXBuildFile; fileRef = 92D272991E84AE570016F07A /* ECMultiVoiceMeetingMsg.h */; };
		92D272D51E84AE570016F07A /* ECPersonInfo.h in Headers */ = {isa = PBXBuildFile; fileRef = 92D2729A1E84AE570016F07A /* ECPersonInfo.h */; };
		92D272D61E84AE570016F07A /* ECPreviewMessageBody.h in Headers */ = {isa = PBXBuildFile; fileRef = 92D2729B1E84AE570016F07A /* ECPreviewMessageBody.h */; };
		92D272D71E84AE570016F07A /* ECProgressDelegate.h in Headers */ = {isa = PBXBuildFile; fileRef = 92D2729C1E84AE570016F07A /* ECProgressDelegate.h */; };
		92D272D81E84AE570016F07A /* ECReadMessageMember.h in Headers */ = {isa = PBXBuildFile; fileRef = 92D2729D1E84AE570016F07A /* ECReadMessageMember.h */; };
		92D272D91E84AE570016F07A /* ECSountTouchConfig.h in Headers */ = {isa = PBXBuildFile; fileRef = 92D2729E1E84AE570016F07A /* ECSountTouchConfig.h */; };
		92D272DA1E84AE570016F07A /* ECTextMessageBody.h in Headers */ = {isa = PBXBuildFile; fileRef = 92D2729F1E84AE570016F07A /* ECTextMessageBody.h */; };
		92D272DB1E84AE570016F07A /* ECUserState.h in Headers */ = {isa = PBXBuildFile; fileRef = 92D272A01E84AE570016F07A /* ECUserState.h */; };
		92D272DC1E84AE570016F07A /* ECUserStateMessageBody.h in Headers */ = {isa = PBXBuildFile; fileRef = 92D272A11E84AE570016F07A /* ECUserStateMessageBody.h */; };
		92D272DD1E84AE570016F07A /* ECVideoMessageBody.h in Headers */ = {isa = PBXBuildFile; fileRef = 92D272A21E84AE570016F07A /* ECVideoMessageBody.h */; };
		92D272DE1E84AE570016F07A /* ECVoiceMessageBody.h in Headers */ = {isa = PBXBuildFile; fileRef = 92D272A31E84AE570016F07A /* ECVoiceMessageBody.h */; };
		92D272DF1E84AE570016F07A /* NetworkStatistic.h in Headers */ = {isa = PBXBuildFile; fileRef = 92D272A41E84AE570016F07A /* NetworkStatistic.h */; };
		92D272E01E84AE570016F07A /* VoipCall.h in Headers */ = {isa = PBXBuildFile; fileRef = 92D272A51E84AE570016F07A /* VoipCall.h */; };
		92D272EC1E84AE850016F07A /* DeviceChatHelper.h in Headers */ = {isa = PBXBuildFile; fileRef = 92D272E41E84AE850016F07A /* DeviceChatHelper.h */; };
		92D272ED1E84AE850016F07A /* DeviceChatHelper.m in Sources */ = {isa = PBXBuildFile; fileRef = 92D272E51E84AE850016F07A /* DeviceChatHelper.m */; };
		92D272EE1E84AE850016F07A /* DeviceDelegateHelper+Meeting.h in Headers */ = {isa = PBXBuildFile; fileRef = 92D272E61E84AE850016F07A /* DeviceDelegateHelper+Meeting.h */; };
		92D272EF1E84AE850016F07A /* DeviceDelegateHelper+Meeting.m in Sources */ = {isa = PBXBuildFile; fileRef = 92D272E71E84AE850016F07A /* DeviceDelegateHelper+Meeting.m */; };
		92D272F01E84AE850016F07A /* DeviceDelegateHelper+VoIP.h in Headers */ = {isa = PBXBuildFile; fileRef = 92D272E81E84AE850016F07A /* DeviceDelegateHelper+VoIP.h */; };
		92D272F11E84AE850016F07A /* DeviceDelegateHelper+VoIP.m in Sources */ = {isa = PBXBuildFile; fileRef = 92D272E91E84AE850016F07A /* DeviceDelegateHelper+VoIP.m */; };
		92D272F21E84AE850016F07A /* DeviceDelegateHelper.h in Headers */ = {isa = PBXBuildFile; fileRef = 92D272EA1E84AE850016F07A /* DeviceDelegateHelper.h */; };
		92D272F31E84AE850016F07A /* DeviceDelegateHelper.m in Sources */ = {isa = PBXBuildFile; fileRef = 92D272EB1E84AE850016F07A /* DeviceDelegateHelper.m */; };
		92D28CE01E84B0C4004A002B /* AddressBook.h in Headers */ = {isa = PBXBuildFile; fileRef = 92D28CB31E84B0C4004A002B /* AddressBook.h */; };
		92D28CE11E84B0C4004A002B /* AddressBook.m in Sources */ = {isa = PBXBuildFile; fileRef = 92D28CB41E84B0C4004A002B /* AddressBook.m */; };
		92D28CE21E84B0C4004A002B /* AddressBookManager.h in Headers */ = {isa = PBXBuildFile; fileRef = 92D28CB51E84B0C4004A002B /* AddressBookManager.h */; };
		92D28CE31E84B0C4004A002B /* AddressBookManager.m in Sources */ = {isa = PBXBuildFile; fileRef = 92D28CB61E84B0C4004A002B /* AddressBookManager.m */; };
		92D28CE41E84B0C4004A002B /* CommonTools.h in Headers */ = {isa = PBXBuildFile; fileRef = 92D28CB71E84B0C4004A002B /* CommonTools.h */; };
		92D28CE51E84B0C4004A002B /* CommonTools.m in Sources */ = {isa = PBXBuildFile; fileRef = 92D28CB81E84B0C4004A002B /* CommonTools.m */; };
		92D28CEE1E84B0C4004A002B /* DemoGlobalClass.h in Headers */ = {isa = PBXBuildFile; fileRef = 92D28CC21E84B0C4004A002B /* DemoGlobalClass.h */; };
		92D28CEF1E84B0C4004A002B /* DemoGlobalClass.m in Sources */ = {isa = PBXBuildFile; fileRef = 92D28CC31E84B0C4004A002B /* DemoGlobalClass.m */; };
		92D28CF01E84B0C4004A002B /* TransmitContactViewController.h in Headers */ = {isa = PBXBuildFile; fileRef = 92D28CC51E84B0C4004A002B /* TransmitContactViewController.h */; };
		92D28CF11E84B0C4004A002B /* TransmitContactViewController.m in Sources */ = {isa = PBXBuildFile; fileRef = 92D28CC61E84B0C4004A002B /* TransmitContactViewController.m */; };
		92D28CF21E84B0C4004A002B /* CustomEmojiView.h in Headers */ = {isa = PBXBuildFile; fileRef = 92D28CC81E84B0C4004A002B /* CustomEmojiView.h */; };
		92D28CF31E84B0C4004A002B /* CustomEmojiView.m in Sources */ = {isa = PBXBuildFile; fileRef = 92D28CC91E84B0C4004A002B /* CustomEmojiView.m */; };
		92D28CF41E84B0C4004A002B /* EmojiConvertor.h in Headers */ = {isa = PBXBuildFile; fileRef = 92D28CCA1E84B0C4004A002B /* EmojiConvertor.h */; };
		92D28CF51E84B0C4004A002B /* EmojiConvertor.m in Sources */ = {isa = PBXBuildFile; fileRef = 92D28CCB1E84B0C4004A002B /* EmojiConvertor.m */; };
		92D28CF61E84B0C4004A002B /* AFNHttpTool.h in Headers */ = {isa = PBXBuildFile; fileRef = 92D28CCD1E84B0C4004A002B /* AFNHttpTool.h */; };
		92D28CF71E84B0C4004A002B /* AFNHttpTool.m in Sources */ = {isa = PBXBuildFile; fileRef = 92D28CCE1E84B0C4004A002B /* AFNHttpTool.m */; };
		92D28CF81E84B0C4004A002B /* ChangeVoiceView.h in Headers */ = {isa = PBXBuildFile; fileRef = 92D28CD01E84B0C4004A002B /* ChangeVoiceView.h */; };
		92D28CF91E84B0C4004A002B /* ChangeVoiceView.m in Sources */ = {isa = PBXBuildFile; fileRef = 92D28CD11E84B0C4004A002B /* ChangeVoiceView.m */; };
		92D28CFA1E84B0C4004A002B /* ECDeviceVoiceRecordView.h in Headers */ = {isa = PBXBuildFile; fileRef = 92D28CD21E84B0C4004A002B /* ECDeviceVoiceRecordView.h */; };
		92D28CFB1E84B0C4004A002B /* ECDeviceVoiceRecordView.m in Sources */ = {isa = PBXBuildFile; fileRef = 92D28CD31E84B0C4004A002B /* ECDeviceVoiceRecordView.m */; };
		92D28CFC1E84B0C4004A002B /* InputToolBarView.h in Headers */ = {isa = PBXBuildFile; fileRef = 92D28CD41E84B0C4004A002B /* InputToolBarView.h */; };
		92D28CFD1E84B0C4004A002B /* InputToolBarView.m in Sources */ = {isa = PBXBuildFile; fileRef = 92D28CD51E84B0C4004A002B /* InputToolBarView.m */; };
		92D28CFE1E84B0C4004A002B /* MoreView.h in Headers */ = {isa = PBXBuildFile; fileRef = 92D28CD61E84B0C4004A002B /* MoreView.h */; };
		92D28CFF1E84B0C4004A002B /* MoreView.m in Sources */ = {isa = PBXBuildFile; fileRef = 92D28CD71E84B0C4004A002B /* MoreView.m */; };
		92D28D001E84B0C4004A002B /* ECLocationPoint.h in Headers */ = {isa = PBXBuildFile; fileRef = 92D28CD91E84B0C4004A002B /* ECLocationPoint.h */; };
		92D28D011E84B0C4004A002B /* ECLocationPoint.m in Sources */ = {isa = PBXBuildFile; fileRef = 92D28CDA1E84B0C4004A002B /* ECLocationPoint.m */; };
		92D28D021E84B0C4004A002B /* ECLocationViewController.h in Headers */ = {isa = PBXBuildFile; fileRef = 92D28CDB1E84B0C4004A002B /* ECLocationViewController.h */; };
		92D28D031E84B0C4004A002B /* ECLocationViewController.m in Sources */ = {isa = PBXBuildFile; fileRef = 92D28CDC1E84B0C4004A002B /* ECLocationViewController.m */; };
		92D28D041E84B0C4004A002B /* WebBrowserBaseViewController.h in Headers */ = {isa = PBXBuildFile; fileRef = 92D28CDE1E84B0C4004A002B /* WebBrowserBaseViewController.h */; };
		92D28D051E84B0C4004A002B /* WebBrowserBaseViewController.m in Sources */ = {isa = PBXBuildFile; fileRef = 92D28CDF1E84B0C4004A002B /* WebBrowserBaseViewController.m */; };
		92D28DF81E84B678004A002B /* AFHTTPSessionManager.h in Headers */ = {isa = PBXBuildFile; fileRef = 92D28D081E84B678004A002B /* AFHTTPSessionManager.h */; };
		92D28DF91E84B678004A002B /* AFHTTPSessionManager.m in Sources */ = {isa = PBXBuildFile; fileRef = 92D28D091E84B678004A002B /* AFHTTPSessionManager.m */; };
		92D28DFA1E84B678004A002B /* AFNetworking.h in Headers */ = {isa = PBXBuildFile; fileRef = 92D28D0A1E84B678004A002B /* AFNetworking.h */; };
		92D28DFB1E84B678004A002B /* AFNetworkReachabilityManager.h in Headers */ = {isa = PBXBuildFile; fileRef = 92D28D0B1E84B678004A002B /* AFNetworkReachabilityManager.h */; };
		92D28DFC1E84B678004A002B /* AFNetworkReachabilityManager.m in Sources */ = {isa = PBXBuildFile; fileRef = 92D28D0C1E84B678004A002B /* AFNetworkReachabilityManager.m */; };
		92D28DFD1E84B678004A002B /* AFSecurityPolicy.h in Headers */ = {isa = PBXBuildFile; fileRef = 92D28D0D1E84B678004A002B /* AFSecurityPolicy.h */; };
		92D28DFE1E84B678004A002B /* AFSecurityPolicy.m in Sources */ = {isa = PBXBuildFile; fileRef = 92D28D0E1E84B678004A002B /* AFSecurityPolicy.m */; };
		92D28DFF1E84B678004A002B /* AFURLRequestSerialization.h in Headers */ = {isa = PBXBuildFile; fileRef = 92D28D0F1E84B678004A002B /* AFURLRequestSerialization.h */; };
		92D28E001E84B678004A002B /* AFURLRequestSerialization.m in Sources */ = {isa = PBXBuildFile; fileRef = 92D28D101E84B678004A002B /* AFURLRequestSerialization.m */; };
		92D28E011E84B678004A002B /* AFURLResponseSerialization.h in Headers */ = {isa = PBXBuildFile; fileRef = 92D28D111E84B678004A002B /* AFURLResponseSerialization.h */; };
		92D28E021E84B678004A002B /* AFURLResponseSerialization.m in Sources */ = {isa = PBXBuildFile; fileRef = 92D28D121E84B678004A002B /* AFURLResponseSerialization.m */; };
		92D28E031E84B678004A002B /* AFURLSessionManager.h in Headers */ = {isa = PBXBuildFile; fileRef = 92D28D131E84B678004A002B /* AFURLSessionManager.h */; };
		92D28E041E84B678004A002B /* AFURLSessionManager.m in Sources */ = {isa = PBXBuildFile; fileRef = 92D28D141E84B678004A002B /* AFURLSessionManager.m */; };
/* End PBXBuildFile section */

/* Begin PBXFileReference section */
		925FC4EA1E7FD79400023110 /* UhutuRnPlus.framework */ = {isa = PBXFileReference; explicitFileType = wrapper.framework; includeInIndex = 0; path = UhutuRnPlus.framework; sourceTree = BUILT_PRODUCTS_DIR; };
		925FC4ED1E7FD79400023110 /* UhutuRnPlus.h */ = {isa = PBXFileReference; lastKnownFileType = sourcecode.c.h; path = UhutuRnPlus.h; sourceTree = "<group>"; };
		925FC4EE1E7FD79400023110 /* Info.plist */ = {isa = PBXFileReference; lastKnownFileType = text.plist.xml; path = Info.plist; sourceTree = "<group>"; };
		925FC5531E7FE08900023110 /* libresolv.9.tbd */ = {isa = PBXFileReference; lastKnownFileType = "sourcecode.text-based-dylib-definition"; name = libresolv.9.tbd; path = usr/lib/libresolv.9.tbd; sourceTree = SDKROOT; };
		925FC5551E7FE09400023110 /* libicucore.tbd */ = {isa = PBXFileReference; lastKnownFileType = "sourcecode.text-based-dylib-definition"; name = libicucore.tbd; path = usr/lib/libicucore.tbd; sourceTree = SDKROOT; };
		925FC5571E7FE0A000023110 /* libsqlite3.tbd */ = {isa = PBXFileReference; lastKnownFileType = "sourcecode.text-based-dylib-definition"; name = libsqlite3.tbd; path = usr/lib/libsqlite3.tbd; sourceTree = SDKROOT; };
		925FC5591E7FE0AE00023110 /* libz.tbd */ = {isa = PBXFileReference; lastKnownFileType = "sourcecode.text-based-dylib-definition"; name = libz.tbd; path = usr/lib/libz.tbd; sourceTree = SDKROOT; };
		925FC55B1E7FE0BB00023110 /* libstdc++.6.0.9.tbd */ = {isa = PBXFileReference; lastKnownFileType = "sourcecode.text-based-dylib-definition"; name = "libstdc++.6.0.9.tbd"; path = "usr/lib/libstdc++.6.0.9.tbd"; sourceTree = SDKROOT; };
		925FC55D1E7FE0C400023110 /* CoreTelephony.framework */ = {isa = PBXFileReference; lastKnownFileType = wrapper.framework; name = CoreTelephony.framework; path = System/Library/Frameworks/CoreTelephony.framework; sourceTree = SDKROOT; };
		925FC55F1E7FE0CB00023110 /* MediaPlayer.framework */ = {isa = PBXFileReference; lastKnownFileType = wrapper.framework; name = MediaPlayer.framework; path = System/Library/Frameworks/MediaPlayer.framework; sourceTree = SDKROOT; };
		925FC57D1E80D55000023110 /* CFNetwork.framework */ = {isa = PBXFileReference; lastKnownFileType = wrapper.framework; name = CFNetwork.framework; path = System/Library/Frameworks/CFNetwork.framework; sourceTree = SDKROOT; };
		925FC57F1E80D55700023110 /* SystemConfiguration.framework */ = {isa = PBXFileReference; lastKnownFileType = wrapper.framework; name = SystemConfiguration.framework; path = System/Library/Frameworks/SystemConfiguration.framework; sourceTree = SDKROOT; };
		925FC5811E80D55E00023110 /* MobileCoreServices.framework */ = {isa = PBXFileReference; lastKnownFileType = wrapper.framework; name = MobileCoreServices.framework; path = System/Library/Frameworks/MobileCoreServices.framework; sourceTree = SDKROOT; };
		925FC5831E80D56500023110 /* AudioToolbox.framework */ = {isa = PBXFileReference; lastKnownFileType = wrapper.framework; name = AudioToolbox.framework; path = System/Library/Frameworks/AudioToolbox.framework; sourceTree = SDKROOT; };
		925FC5851E80D56B00023110 /* CoreGraphics.framework */ = {isa = PBXFileReference; lastKnownFileType = wrapper.framework; name = CoreGraphics.framework; path = System/Library/Frameworks/CoreGraphics.framework; sourceTree = SDKROOT; };
		925FC5871E80D57100023110 /* AVFoundation.framework */ = {isa = PBXFileReference; lastKnownFileType = wrapper.framework; name = AVFoundation.framework; path = System/Library/Frameworks/AVFoundation.framework; sourceTree = SDKROOT; };
		925FC5891E80D57700023110 /* VideoToolbox.framework */ = {isa = PBXFileReference; lastKnownFileType = wrapper.framework; name = VideoToolbox.framework; path = System/Library/Frameworks/VideoToolbox.framework; sourceTree = SDKROOT; };
		92D270FB1E8371120016F07A /* PlusYtx.h */ = {isa = PBXFileReference; lastKnownFileType = sourcecode.c.h; path = PlusYtx.h; sourceTree = SOURCE_ROOT; };
		92D270FC1E8371460016F07A /* PlusYtx.m */ = {isa = PBXFileReference; fileEncoding = 4; lastKnownFileType = sourcecode.c.objc; path = PlusYtx.m; sourceTree = "<group>"; };
		92D272661E84AE570016F07A /* CCPSDKBundle.bundle */ = {isa = PBXFileReference; lastKnownFileType = "wrapper.plug-in"; path = CCPSDKBundle.bundle; sourceTree = "<group>"; };
		92D272681E84AE570016F07A /* ECChatDelegate.h */ = {isa = PBXFileReference; fileEncoding = 4; lastKnownFileType = sourcecode.c.h; path = ECChatDelegate.h; sourceTree = "<group>"; };
		92D272691E84AE570016F07A /* ECDelegateBase.h */ = {isa = PBXFileReference; fileEncoding = 4; lastKnownFileType = sourcecode.c.h; path = ECDelegateBase.h; sourceTree = "<group>"; };
		92D2726A1E84AE570016F07A /* ECDeskDelegate.h */ = {isa = PBXFileReference; fileEncoding = 4; lastKnownFileType = sourcecode.c.h; path = ECDeskDelegate.h; sourceTree = "<group>"; };
		92D2726B1E84AE570016F07A /* ECGroupDelegate.h */ = {isa = PBXFileReference; fileEncoding = 4; lastKnownFileType = sourcecode.c.h; path = ECGroupDelegate.h; sourceTree = "<group>"; };
		92D2726C1E84AE570016F07A /* ECMeetingDelegate.h */ = {isa = PBXFileReference; fileEncoding = 4; lastKnownFileType = sourcecode.c.h; path = ECMeetingDelegate.h; sourceTree = "<group>"; };
		92D2726D1E84AE570016F07A /* ECMessageDelegate.h */ = {isa = PBXFileReference; fileEncoding = 4; lastKnownFileType = sourcecode.c.h; path = ECMessageDelegate.h; sourceTree = "<group>"; };
		92D2726E1E84AE570016F07A /* ECNetworkDelegate.h */ = {isa = PBXFileReference; fileEncoding = 4; lastKnownFileType = sourcecode.c.h; path = ECNetworkDelegate.h; sourceTree = "<group>"; };
		92D2726F1E84AE570016F07A /* ECSystemDelegate.h */ = {isa = PBXFileReference; fileEncoding = 4; lastKnownFileType = sourcecode.c.h; path = ECSystemDelegate.h; sourceTree = "<group>"; };
		92D272701E84AE570016F07A /* ECVoIPCallDelegate.h */ = {isa = PBXFileReference; fileEncoding = 4; lastKnownFileType = sourcecode.c.h; path = ECVoIPCallDelegate.h; sourceTree = "<group>"; };
		92D272711E84AE570016F07A /* ECDevice.h */ = {isa = PBXFileReference; fileEncoding = 4; lastKnownFileType = sourcecode.c.h; path = ECDevice.h; sourceTree = "<group>"; };
		92D272721E84AE570016F07A /* ECDeviceDelegate.h */ = {isa = PBXFileReference; fileEncoding = 4; lastKnownFileType = sourcecode.c.h; path = ECDeviceDelegate.h; sourceTree = "<group>"; };
		92D272731E84AE570016F07A /* ECDeviceHeaders.h */ = {isa = PBXFileReference; fileEncoding = 4; lastKnownFileType = sourcecode.c.h; path = ECDeviceHeaders.h; sourceTree = "<group>"; };
		92D272751E84AE570016F07A /* ECEnumDefs.h */ = {isa = PBXFileReference; fileEncoding = 4; lastKnownFileType = sourcecode.c.h; path = ECEnumDefs.h; sourceTree = "<group>"; };
		92D272771E84AE570016F07A /* YTX_iOS_Full_SDK_v5.3.1r1.a */ = {isa = PBXFileReference; lastKnownFileType = archive.ar; path = YTX_iOS_Full_SDK_v5.3.1r1.a; sourceTree = "<group>"; };
		92D272791E84AE570016F07A /* ECChatManager.h */ = {isa = PBXFileReference; fileEncoding = 4; lastKnownFileType = sourcecode.c.h; path = ECChatManager.h; sourceTree = "<group>"; };
		92D2727A1E84AE570016F07A /* ECDeskManager.h */ = {isa = PBXFileReference; fileEncoding = 4; lastKnownFileType = sourcecode.c.h; path = ECDeskManager.h; sourceTree = "<group>"; };
		92D2727B1E84AE570016F07A /* ECGroupManager.h */ = {isa = PBXFileReference; fileEncoding = 4; lastKnownFileType = sourcecode.c.h; path = ECGroupManager.h; sourceTree = "<group>"; };
		92D2727C1E84AE570016F07A /* ECManagerBase.h */ = {isa = PBXFileReference; fileEncoding = 4; lastKnownFileType = sourcecode.c.h; path = ECManagerBase.h; sourceTree = "<group>"; };
		92D2727D1E84AE570016F07A /* ECMeetingManager.h */ = {isa = PBXFileReference; fileEncoding = 4; lastKnownFileType = sourcecode.c.h; path = ECMeetingManager.h; sourceTree = "<group>"; };
		92D2727E1E84AE570016F07A /* ECMessageManager.h */ = {isa = PBXFileReference; fileEncoding = 4; lastKnownFileType = sourcecode.c.h; path = ECMessageManager.h; sourceTree = "<group>"; };
		92D2727F1E84AE570016F07A /* ECVoIPCallManager.h */ = {isa = PBXFileReference; fileEncoding = 4; lastKnownFileType = sourcecode.c.h; path = ECVoIPCallManager.h; sourceTree = "<group>"; };
		92D272801E84AE570016F07A /* ECVoIPManager.h */ = {isa = PBXFileReference; fileEncoding = 4; lastKnownFileType = sourcecode.c.h; path = ECVoIPManager.h; sourceTree = "<group>"; };
		92D272811E84AE570016F07A /* ECVoIPSetManager.h */ = {isa = PBXFileReference; fileEncoding = 4; lastKnownFileType = sourcecode.c.h; path = ECVoIPSetManager.h; sourceTree = "<group>"; };
		92D272831E84AE570016F07A /* CameraDeviceInfo.h */ = {isa = PBXFileReference; fileEncoding = 4; lastKnownFileType = sourcecode.c.h; path = CameraDeviceInfo.h; sourceTree = "<group>"; };
		92D272841E84AE570016F07A /* ECAudioConfig.h */ = {isa = PBXFileReference; fileEncoding = 4; lastKnownFileType = sourcecode.c.h; path = ECAudioConfig.h; sourceTree = "<group>"; };
		92D272851E84AE570016F07A /* ECCallMessageBody.h */ = {isa = PBXFileReference; fileEncoding = 4; lastKnownFileType = sourcecode.c.h; path = ECCallMessageBody.h; sourceTree = "<group>"; };
		92D272861E84AE570016F07A /* ECCreateMeetingParams.h */ = {isa = PBXFileReference; fileEncoding = 4; lastKnownFileType = sourcecode.c.h; path = ECCreateMeetingParams.h; sourceTree = "<group>"; };
		92D272871E84AE570016F07A /* ECError.h */ = {isa = PBXFileReference; fileEncoding = 4; lastKnownFileType = sourcecode.c.h; path = ECError.h; sourceTree = "<group>"; };
		92D272881E84AE570016F07A /* ECFileMessageBody.h */ = {isa = PBXFileReference; fileEncoding = 4; lastKnownFileType = sourcecode.c.h; path = ECFileMessageBody.h; sourceTree = "<group>"; };
		92D272891E84AE570016F07A /* ECGroup.h */ = {isa = PBXFileReference; fileEncoding = 4; lastKnownFileType = sourcecode.c.h; path = ECGroup.h; sourceTree = "<group>"; };
		92D2728A1E84AE570016F07A /* ECGroupMatch.h */ = {isa = PBXFileReference; fileEncoding = 4; lastKnownFileType = sourcecode.c.h; path = ECGroupMatch.h; sourceTree = "<group>"; };
		92D2728B1E84AE570016F07A /* ECGroupMember.h */ = {isa = PBXFileReference; fileEncoding = 4; lastKnownFileType = sourcecode.c.h; path = ECGroupMember.h; sourceTree = "<group>"; };
		92D2728C1E84AE570016F07A /* ECGroupNoticeMessage.h */ = {isa = PBXFileReference; fileEncoding = 4; lastKnownFileType = sourcecode.c.h; path = ECGroupNoticeMessage.h; sourceTree = "<group>"; };
		92D2728D1E84AE570016F07A /* ECGroupOption.h */ = {isa = PBXFileReference; fileEncoding = 4; lastKnownFileType = sourcecode.c.h; path = ECGroupOption.h; sourceTree = "<group>"; };
		92D2728E1E84AE570016F07A /* ECImageMessageBody.h */ = {isa = PBXFileReference; fileEncoding = 4; lastKnownFileType = sourcecode.c.h; path = ECImageMessageBody.h; sourceTree = "<group>"; };
		92D2728F1E84AE570016F07A /* ECInterphoneMeetingMsg.h */ = {isa = PBXFileReference; fileEncoding = 4; lastKnownFileType = sourcecode.c.h; path = ECInterphoneMeetingMsg.h; sourceTree = "<group>"; };
		92D272901E84AE570016F07A /* ECLocationMessageBody.h */ = {isa = PBXFileReference; fileEncoding = 4; lastKnownFileType = sourcecode.c.h; path = ECLocationMessageBody.h; sourceTree = "<group>"; };
		92D272911E84AE570016F07A /* ECLoginInfo.h */ = {isa = PBXFileReference; fileEncoding = 4; lastKnownFileType = sourcecode.c.h; path = ECLoginInfo.h; sourceTree = "<group>"; };
		92D272921E84AE570016F07A /* ECMeetingMember.h */ = {isa = PBXFileReference; fileEncoding = 4; lastKnownFileType = sourcecode.c.h; path = ECMeetingMember.h; sourceTree = "<group>"; };
		92D272931E84AE570016F07A /* ECMeetingRoom.h */ = {isa = PBXFileReference; fileEncoding = 4; lastKnownFileType = sourcecode.c.h; path = ECMeetingRoom.h; sourceTree = "<group>"; };
		92D272941E84AE570016F07A /* ECMessage.h */ = {isa = PBXFileReference; fileEncoding = 4; lastKnownFileType = sourcecode.c.h; path = ECMessage.h; sourceTree = "<group>"; };
		92D272951E84AE570016F07A /* ECMessageBody.h */ = {isa = PBXFileReference; fileEncoding = 4; lastKnownFileType = sourcecode.c.h; path = ECMessageBody.h; sourceTree = "<group>"; };
		92D272961E84AE570016F07A /* ECMessageNotifyMsg.h */ = {isa = PBXFileReference; fileEncoding = 4; lastKnownFileType = sourcecode.c.h; path = ECMessageNotifyMsg.h; sourceTree = "<group>"; };
		92D272971E84AE570016F07A /* ECMultiDeviceState.h */ = {isa = PBXFileReference; fileEncoding = 4; lastKnownFileType = sourcecode.c.h; path = ECMultiDeviceState.h; sourceTree = "<group>"; };
		92D272981E84AE570016F07A /* ECMultiVideoMeetingMsg.h */ = {isa = PBXFileReference; fileEncoding = 4; lastKnownFileType = sourcecode.c.h; path = ECMultiVideoMeetingMsg.h; sourceTree = "<group>"; };
		92D272991E84AE570016F07A /* ECMultiVoiceMeetingMsg.h */ = {isa = PBXFileReference; fileEncoding = 4; lastKnownFileType = sourcecode.c.h; path = ECMultiVoiceMeetingMsg.h; sourceTree = "<group>"; };
		92D2729A1E84AE570016F07A /* ECPersonInfo.h */ = {isa = PBXFileReference; fileEncoding = 4; lastKnownFileType = sourcecode.c.h; path = ECPersonInfo.h; sourceTree = "<group>"; };
		92D2729B1E84AE570016F07A /* ECPreviewMessageBody.h */ = {isa = PBXFileReference; fileEncoding = 4; lastKnownFileType = sourcecode.c.h; path = ECPreviewMessageBody.h; sourceTree = "<group>"; };
		92D2729C1E84AE570016F07A /* ECProgressDelegate.h */ = {isa = PBXFileReference; fileEncoding = 4; lastKnownFileType = sourcecode.c.h; path = ECProgressDelegate.h; sourceTree = "<group>"; };
		92D2729D1E84AE570016F07A /* ECReadMessageMember.h */ = {isa = PBXFileReference; fileEncoding = 4; lastKnownFileType = sourcecode.c.h; path = ECReadMessageMember.h; sourceTree = "<group>"; };
		92D2729E1E84AE570016F07A /* ECSountTouchConfig.h */ = {isa = PBXFileReference; fileEncoding = 4; lastKnownFileType = sourcecode.c.h; path = ECSountTouchConfig.h; sourceTree = "<group>"; };
		92D2729F1E84AE570016F07A /* ECTextMessageBody.h */ = {isa = PBXFileReference; fileEncoding = 4; lastKnownFileType = sourcecode.c.h; path = ECTextMessageBody.h; sourceTree = "<group>"; };
		92D272A01E84AE570016F07A /* ECUserState.h */ = {isa = PBXFileReference; fileEncoding = 4; lastKnownFileType = sourcecode.c.h; path = ECUserState.h; sourceTree = "<group>"; };
		92D272A11E84AE570016F07A /* ECUserStateMessageBody.h */ = {isa = PBXFileReference; fileEncoding = 4; lastKnownFileType = sourcecode.c.h; path = ECUserStateMessageBody.h; sourceTree = "<group>"; };
		92D272A21E84AE570016F07A /* ECVideoMessageBody.h */ = {isa = PBXFileReference; fileEncoding = 4; lastKnownFileType = sourcecode.c.h; path = ECVideoMessageBody.h; sourceTree = "<group>"; };
		92D272A31E84AE570016F07A /* ECVoiceMessageBody.h */ = {isa = PBXFileReference; fileEncoding = 4; lastKnownFileType = sourcecode.c.h; path = ECVoiceMessageBody.h; sourceTree = "<group>"; };
		92D272A41E84AE570016F07A /* NetworkStatistic.h */ = {isa = PBXFileReference; fileEncoding = 4; lastKnownFileType = sourcecode.c.h; path = NetworkStatistic.h; sourceTree = "<group>"; };
		92D272A51E84AE570016F07A /* VoipCall.h */ = {isa = PBXFileReference; fileEncoding = 4; lastKnownFileType = sourcecode.c.h; path = VoipCall.h; sourceTree = "<group>"; };
		92D272E41E84AE850016F07A /* DeviceChatHelper.h */ = {isa = PBXFileReference; fileEncoding = 4; lastKnownFileType = sourcecode.c.h; path = DeviceChatHelper.h; sourceTree = "<group>"; };
		92D272E51E84AE850016F07A /* DeviceChatHelper.m */ = {isa = PBXFileReference; fileEncoding = 4; lastKnownFileType = sourcecode.c.objc; path = DeviceChatHelper.m; sourceTree = "<group>"; };
		92D272E61E84AE850016F07A /* DeviceDelegateHelper+Meeting.h */ = {isa = PBXFileReference; fileEncoding = 4; lastKnownFileType = sourcecode.c.h; path = "DeviceDelegateHelper+Meeting.h"; sourceTree = "<group>"; };
		92D272E71E84AE850016F07A /* DeviceDelegateHelper+Meeting.m */ = {isa = PBXFileReference; fileEncoding = 4; lastKnownFileType = sourcecode.c.objc; path = "DeviceDelegateHelper+Meeting.m"; sourceTree = "<group>"; };
		92D272E81E84AE850016F07A /* DeviceDelegateHelper+VoIP.h */ = {isa = PBXFileReference; fileEncoding = 4; lastKnownFileType = sourcecode.c.h; path = "DeviceDelegateHelper+VoIP.h"; sourceTree = "<group>"; };
		92D272E91E84AE850016F07A /* DeviceDelegateHelper+VoIP.m */ = {isa = PBXFileReference; fileEncoding = 4; lastKnownFileType = sourcecode.c.objc; path = "DeviceDelegateHelper+VoIP.m"; sourceTree = "<group>"; };
		92D272EA1E84AE850016F07A /* DeviceDelegateHelper.h */ = {isa = PBXFileReference; fileEncoding = 4; lastKnownFileType = sourcecode.c.h; path = DeviceDelegateHelper.h; sourceTree = "<group>"; };
		92D272EB1E84AE850016F07A /* DeviceDelegateHelper.m */ = {isa = PBXFileReference; fileEncoding = 4; lastKnownFileType = sourcecode.c.objc; path = DeviceDelegateHelper.m; sourceTree = "<group>"; };
		92D28CB31E84B0C4004A002B /* AddressBook.h */ = {isa = PBXFileReference; fileEncoding = 4; lastKnownFileType = sourcecode.c.h; path = AddressBook.h; sourceTree = "<group>"; };
		92D28CB41E84B0C4004A002B /* AddressBook.m */ = {isa = PBXFileReference; fileEncoding = 4; lastKnownFileType = sourcecode.c.objc; path = AddressBook.m; sourceTree = "<group>"; };
		92D28CB51E84B0C4004A002B /* AddressBookManager.h */ = {isa = PBXFileReference; fileEncoding = 4; lastKnownFileType = sourcecode.c.h; path = AddressBookManager.h; sourceTree = "<group>"; };
		92D28CB61E84B0C4004A002B /* AddressBookManager.m */ = {isa = PBXFileReference; fileEncoding = 4; lastKnownFileType = sourcecode.c.objc; path = AddressBookManager.m; sourceTree = "<group>"; };
		92D28CB71E84B0C4004A002B /* CommonTools.h */ = {isa = PBXFileReference; fileEncoding = 4; lastKnownFileType = sourcecode.c.h; path = CommonTools.h; sourceTree = "<group>"; };
		92D28CB81E84B0C4004A002B /* CommonTools.m */ = {isa = PBXFileReference; fileEncoding = 4; lastKnownFileType = sourcecode.c.objc; path = CommonTools.m; sourceTree = "<group>"; };
		92D28CC21E84B0C4004A002B /* DemoGlobalClass.h */ = {isa = PBXFileReference; fileEncoding = 4; lastKnownFileType = sourcecode.c.h; path = DemoGlobalClass.h; sourceTree = "<group>"; };
		92D28CC31E84B0C4004A002B /* DemoGlobalClass.m */ = {isa = PBXFileReference; fileEncoding = 4; lastKnownFileType = sourcecode.c.objc; path = DemoGlobalClass.m; sourceTree = "<group>"; };
		92D28CC51E84B0C4004A002B /* TransmitContactViewController.h */ = {isa = PBXFileReference; fileEncoding = 4; lastKnownFileType = sourcecode.c.h; path = TransmitContactViewController.h; sourceTree = "<group>"; };
		92D28CC61E84B0C4004A002B /* TransmitContactViewController.m */ = {isa = PBXFileReference; fileEncoding = 4; lastKnownFileType = sourcecode.c.objc; path = TransmitContactViewController.m; sourceTree = "<group>"; };
		92D28CC81E84B0C4004A002B /* CustomEmojiView.h */ = {isa = PBXFileReference; fileEncoding = 4; lastKnownFileType = sourcecode.c.h; path = CustomEmojiView.h; sourceTree = "<group>"; };
		92D28CC91E84B0C4004A002B /* CustomEmojiView.m */ = {isa = PBXFileReference; fileEncoding = 4; lastKnownFileType = sourcecode.c.objc; path = CustomEmojiView.m; sourceTree = "<group>"; };
		92D28CCA1E84B0C4004A002B /* EmojiConvertor.h */ = {isa = PBXFileReference; fileEncoding = 4; lastKnownFileType = sourcecode.c.h; path = EmojiConvertor.h; sourceTree = "<group>"; };
		92D28CCB1E84B0C4004A002B /* EmojiConvertor.m */ = {isa = PBXFileReference; fileEncoding = 4; lastKnownFileType = sourcecode.c.objc; path = EmojiConvertor.m; sourceTree = "<group>"; };
		92D28CCD1E84B0C4004A002B /* AFNHttpTool.h */ = {isa = PBXFileReference; fileEncoding = 4; lastKnownFileType = sourcecode.c.h; path = AFNHttpTool.h; sourceTree = "<group>"; };
		92D28CCE1E84B0C4004A002B /* AFNHttpTool.m */ = {isa = PBXFileReference; fileEncoding = 4; lastKnownFileType = sourcecode.c.objc; path = AFNHttpTool.m; sourceTree = "<group>"; };
		92D28CD01E84B0C4004A002B /* ChangeVoiceView.h */ = {isa = PBXFileReference; fileEncoding = 4; lastKnownFileType = sourcecode.c.h; path = ChangeVoiceView.h; sourceTree = "<group>"; };
		92D28CD11E84B0C4004A002B /* ChangeVoiceView.m */ = {isa = PBXFileReference; fileEncoding = 4; lastKnownFileType = sourcecode.c.objc; path = ChangeVoiceView.m; sourceTree = "<group>"; };
		92D28CD21E84B0C4004A002B /* ECDeviceVoiceRecordView.h */ = {isa = PBXFileReference; fileEncoding = 4; lastKnownFileType = sourcecode.c.h; path = ECDeviceVoiceRecordView.h; sourceTree = "<group>"; };
		92D28CD31E84B0C4004A002B /* ECDeviceVoiceRecordView.m */ = {isa = PBXFileReference; fileEncoding = 4; lastKnownFileType = sourcecode.c.objc; path = ECDeviceVoiceRecordView.m; sourceTree = "<group>"; };
		92D28CD41E84B0C4004A002B /* InputToolBarView.h */ = {isa = PBXFileReference; fileEncoding = 4; lastKnownFileType = sourcecode.c.h; path = InputToolBarView.h; sourceTree = "<group>"; };
		92D28CD51E84B0C4004A002B /* InputToolBarView.m */ = {isa = PBXFileReference; fileEncoding = 4; lastKnownFileType = sourcecode.c.objc; path = InputToolBarView.m; sourceTree = "<group>"; };
		92D28CD61E84B0C4004A002B /* MoreView.h */ = {isa = PBXFileReference; fileEncoding = 4; lastKnownFileType = sourcecode.c.h; path = MoreView.h; sourceTree = "<group>"; };
		92D28CD71E84B0C4004A002B /* MoreView.m */ = {isa = PBXFileReference; fileEncoding = 4; lastKnownFileType = sourcecode.c.objc; path = MoreView.m; sourceTree = "<group>"; };
		92D28CD91E84B0C4004A002B /* ECLocationPoint.h */ = {isa = PBXFileReference; fileEncoding = 4; lastKnownFileType = sourcecode.c.h; path = ECLocationPoint.h; sourceTree = "<group>"; };
		92D28CDA1E84B0C4004A002B /* ECLocationPoint.m */ = {isa = PBXFileReference; fileEncoding = 4; lastKnownFileType = sourcecode.c.objc; path = ECLocationPoint.m; sourceTree = "<group>"; };
		92D28CDB1E84B0C4004A002B /* ECLocationViewController.h */ = {isa = PBXFileReference; fileEncoding = 4; lastKnownFileType = sourcecode.c.h; path = ECLocationViewController.h; sourceTree = "<group>"; };
		92D28CDC1E84B0C4004A002B /* ECLocationViewController.m */ = {isa = PBXFileReference; fileEncoding = 4; lastKnownFileType = sourcecode.c.objc; path = ECLocationViewController.m; sourceTree = "<group>"; };
		92D28CDE1E84B0C4004A002B /* WebBrowserBaseViewController.h */ = {isa = PBXFileReference; fileEncoding = 4; lastKnownFileType = sourcecode.c.h; path = WebBrowserBaseViewController.h; sourceTree = "<group>"; };
		92D28CDF1E84B0C4004A002B /* WebBrowserBaseViewController.m */ = {isa = PBXFileReference; fileEncoding = 4; lastKnownFileType = sourcecode.c.objc; path = WebBrowserBaseViewController.m; sourceTree = "<group>"; };
		92D28D081E84B678004A002B /* AFHTTPSessionManager.h */ = {isa = PBXFileReference; fileEncoding = 4; lastKnownFileType = sourcecode.c.h; path = AFHTTPSessionManager.h; sourceTree = "<group>"; };
		92D28D091E84B678004A002B /* AFHTTPSessionManager.m */ = {isa = PBXFileReference; fileEncoding = 4; lastKnownFileType = sourcecode.c.objc; path = AFHTTPSessionManager.m; sourceTree = "<group>"; };
		92D28D0A1E84B678004A002B /* AFNetworking.h */ = {isa = PBXFileReference; fileEncoding = 4; lastKnownFileType = sourcecode.c.h; path = AFNetworking.h; sourceTree = "<group>"; };
		92D28D0B1E84B678004A002B /* AFNetworkReachabilityManager.h */ = {isa = PBXFileReference; fileEncoding = 4; lastKnownFileType = sourcecode.c.h; path = AFNetworkReachabilityManager.h; sourceTree = "<group>"; };
		92D28D0C1E84B678004A002B /* AFNetworkReachabilityManager.m */ = {isa = PBXFileReference; fileEncoding = 4; lastKnownFileType = sourcecode.c.objc; path = AFNetworkReachabilityManager.m; sourceTree = "<group>"; };
		92D28D0D1E84B678004A002B /* AFSecurityPolicy.h */ = {isa = PBXFileReference; fileEncoding = 4; lastKnownFileType = sourcecode.c.h; path = AFSecurityPolicy.h; sourceTree = "<group>"; };
		92D28D0E1E84B678004A002B /* AFSecurityPolicy.m */ = {isa = PBXFileReference; fileEncoding = 4; lastKnownFileType = sourcecode.c.objc; path = AFSecurityPolicy.m; sourceTree = "<group>"; };
		92D28D0F1E84B678004A002B /* AFURLRequestSerialization.h */ = {isa = PBXFileReference; fileEncoding = 4; lastKnownFileType = sourcecode.c.h; path = AFURLRequestSerialization.h; sourceTree = "<group>"; };
		92D28D101E84B678004A002B /* AFURLRequestSerialization.m */ = {isa = PBXFileReference; fileEncoding = 4; lastKnownFileType = sourcecode.c.objc; path = AFURLRequestSerialization.m; sourceTree = "<group>"; };
		92D28D111E84B678004A002B /* AFURLResponseSerialization.h */ = {isa = PBXFileReference; fileEncoding = 4; lastKnownFileType = sourcecode.c.h; path = AFURLResponseSerialization.h; sourceTree = "<group>"; };
		92D28D121E84B678004A002B /* AFURLResponseSerialization.m */ = {isa = PBXFileReference; fileEncoding = 4; lastKnownFileType = sourcecode.c.objc; path = AFURLResponseSerialization.m; sourceTree = "<group>"; };
		92D28D131E84B678004A002B /* AFURLSessionManager.h */ = {isa = PBXFileReference; fileEncoding = 4; lastKnownFileType = sourcecode.c.h; path = AFURLSessionManager.h; sourceTree = "<group>"; };
		92D28D141E84B678004A002B /* AFURLSessionManager.m */ = {isa = PBXFileReference; fileEncoding = 4; lastKnownFileType = sourcecode.c.objc; path = AFURLSessionManager.m; sourceTree = "<group>"; };
/* End PBXFileReference section */

/* Begin PBXFrameworksBuildPhase section */
		925FC4E61E7FD79400023110 /* Frameworks */ = {
			isa = PBXFrameworksBuildPhase;
			buildActionMask = 2147483647;
			files = (
				925FC58A1E80D57700023110 /* VideoToolbox.framework in Frameworks */,
				925FC5881E80D57100023110 /* AVFoundation.framework in Frameworks */,
				925FC5861E80D56B00023110 /* CoreGraphics.framework in Frameworks */,
				925FC5841E80D56500023110 /* AudioToolbox.framework in Frameworks */,
				925FC5821E80D55E00023110 /* MobileCoreServices.framework in Frameworks */,
				925FC5801E80D55700023110 /* SystemConfiguration.framework in Frameworks */,
				925FC57E1E80D55000023110 /* CFNetwork.framework in Frameworks */,
				925FC5601E7FE0CB00023110 /* MediaPlayer.framework in Frameworks */,
				925FC55E1E7FE0C400023110 /* CoreTelephony.framework in Frameworks */,
				92D272B41E84AE570016F07A /* YTX_iOS_Full_SDK_v5.3.1r1.a in Frameworks */,
				925FC55C1E7FE0BB00023110 /* libstdc++.6.0.9.tbd in Frameworks */,
				925FC55A1E7FE0AE00023110 /* libz.tbd in Frameworks */,
				925FC5581E7FE0A000023110 /* libsqlite3.tbd in Frameworks */,
				925FC5561E7FE09400023110 /* libicucore.tbd in Frameworks */,
				925FC5541E7FE08900023110 /* libresolv.9.tbd in Frameworks */,
			);
			runOnlyForDeploymentPostprocessing = 0;
		};
/* End PBXFrameworksBuildPhase section */

/* Begin PBXGroup section */
		925FC4E01E7FD79400023110 = {
			isa = PBXGroup;
			children = (
				92D272E11E84AE850016F07A /* RnCode */,
				92D272641E84AE570016F07A /* RnSdk */,
				925FC4EC1E7FD79400023110 /* UhutuRnPlus */,
				925FC4EB1E7FD79400023110 /* Products */,
				925FC5521E7FE08900023110 /* Frameworks */,
			);
			sourceTree = "<group>";
		};
		925FC4EB1E7FD79400023110 /* Products */ = {
			isa = PBXGroup;
			children = (
				925FC4EA1E7FD79400023110 /* UhutuRnPlus.framework */,
			);
			name = Products;
			sourceTree = "<group>";
		};
		925FC4EC1E7FD79400023110 /* UhutuRnPlus */ = {
			isa = PBXGroup;
			children = (
				925FC4ED1E7FD79400023110 /* UhutuRnPlus.h */,
				925FC4EE1E7FD79400023110 /* Info.plist */,
				92D270FB1E8371120016F07A /* PlusYtx.h */,
				92D270FC1E8371460016F07A /* PlusYtx.m */,
			);
			path = UhutuRnPlus;
			sourceTree = "<group>";
		};
		925FC5521E7FE08900023110 /* Frameworks */ = {
			isa = PBXGroup;
			children = (
				925FC5891E80D57700023110 /* VideoToolbox.framework */,
				925FC5871E80D57100023110 /* AVFoundation.framework */,
				925FC5851E80D56B00023110 /* CoreGraphics.framework */,
				925FC5831E80D56500023110 /* AudioToolbox.framework */,
				925FC5811E80D55E00023110 /* MobileCoreServices.framework */,
				925FC57F1E80D55700023110 /* SystemConfiguration.framework */,
				925FC57D1E80D55000023110 /* CFNetwork.framework */,
				925FC55F1E7FE0CB00023110 /* MediaPlayer.framework */,
				925FC55D1E7FE0C400023110 /* CoreTelephony.framework */,
				925FC55B1E7FE0BB00023110 /* libstdc++.6.0.9.tbd */,
				925FC5591E7FE0AE00023110 /* libz.tbd */,
				925FC5571E7FE0A000023110 /* libsqlite3.tbd */,
				925FC5551E7FE09400023110 /* libicucore.tbd */,
				925FC5531E7FE08900023110 /* libresolv.9.tbd */,
			);
			name = Frameworks;
			sourceTree = "<group>";
		};
		92D272641E84AE570016F07A /* RnSdk */ = {
			isa = PBXGroup;
			children = (
				92D272651E84AE570016F07A /* YTX_iOS_Full_SDK */,
			);
			path = RnSdk;
			sourceTree = "<group>";
		};
		92D272651E84AE570016F07A /* YTX_iOS_Full_SDK */ = {
			isa = PBXGroup;
			children = (
				92D272661E84AE570016F07A /* CCPSDKBundle.bundle */,
				92D272671E84AE570016F07A /* Delegate */,
				92D272711E84AE570016F07A /* ECDevice.h */,
				92D272721E84AE570016F07A /* ECDeviceDelegate.h */,
				92D272731E84AE570016F07A /* ECDeviceHeaders.h */,
				92D272741E84AE570016F07A /* enums */,
				92D272761E84AE570016F07A /* lib */,
				92D272781E84AE570016F07A /* Manager */,
				92D272821E84AE570016F07A /* types */,
			);
			path = YTX_iOS_Full_SDK;
			sourceTree = "<group>";
		};
		92D272671E84AE570016F07A /* Delegate */ = {
			isa = PBXGroup;
			children = (
				92D272681E84AE570016F07A /* ECChatDelegate.h */,
				92D272691E84AE570016F07A /* ECDelegateBase.h */,
				92D2726A1E84AE570016F07A /* ECDeskDelegate.h */,
				92D2726B1E84AE570016F07A /* ECGroupDelegate.h */,
				92D2726C1E84AE570016F07A /* ECMeetingDelegate.h */,
				92D2726D1E84AE570016F07A /* ECMessageDelegate.h */,
				92D2726E1E84AE570016F07A /* ECNetworkDelegate.h */,
				92D2726F1E84AE570016F07A /* ECSystemDelegate.h */,
				92D272701E84AE570016F07A /* ECVoIPCallDelegate.h */,
			);
			path = Delegate;
			sourceTree = "<group>";
		};
		92D272741E84AE570016F07A /* enums */ = {
			isa = PBXGroup;
			children = (
				92D272751E84AE570016F07A /* ECEnumDefs.h */,
			);
			path = enums;
			sourceTree = "<group>";
		};
		92D272761E84AE570016F07A /* lib */ = {
			isa = PBXGroup;
			children = (
				92D272771E84AE570016F07A /* YTX_iOS_Full_SDK_v5.3.1r1.a */,
			);
			path = lib;
			sourceTree = "<group>";
		};
		92D272781E84AE570016F07A /* Manager */ = {
			isa = PBXGroup;
			children = (
				92D272791E84AE570016F07A /* ECChatManager.h */,
				92D2727A1E84AE570016F07A /* ECDeskManager.h */,
				92D2727B1E84AE570016F07A /* ECGroupManager.h */,
				92D2727C1E84AE570016F07A /* ECManagerBase.h */,
				92D2727D1E84AE570016F07A /* ECMeetingManager.h */,
				92D2727E1E84AE570016F07A /* ECMessageManager.h */,
				92D2727F1E84AE570016F07A /* ECVoIPCallManager.h */,
				92D272801E84AE570016F07A /* ECVoIPManager.h */,
				92D272811E84AE570016F07A /* ECVoIPSetManager.h */,
			);
			path = Manager;
			sourceTree = "<group>";
		};
		92D272821E84AE570016F07A /* types */ = {
			isa = PBXGroup;
			children = (
				92D272831E84AE570016F07A /* CameraDeviceInfo.h */,
				92D272841E84AE570016F07A /* ECAudioConfig.h */,
				92D272851E84AE570016F07A /* ECCallMessageBody.h */,
				92D272861E84AE570016F07A /* ECCreateMeetingParams.h */,
				92D272871E84AE570016F07A /* ECError.h */,
				92D272881E84AE570016F07A /* ECFileMessageBody.h */,
				92D272891E84AE570016F07A /* ECGroup.h */,
				92D2728A1E84AE570016F07A /* ECGroupMatch.h */,
				92D2728B1E84AE570016F07A /* ECGroupMember.h */,
				92D2728C1E84AE570016F07A /* ECGroupNoticeMessage.h */,
				92D2728D1E84AE570016F07A /* ECGroupOption.h */,
				92D2728E1E84AE570016F07A /* ECImageMessageBody.h */,
				92D2728F1E84AE570016F07A /* ECInterphoneMeetingMsg.h */,
				92D272901E84AE570016F07A /* ECLocationMessageBody.h */,
				92D272911E84AE570016F07A /* ECLoginInfo.h */,
				92D272921E84AE570016F07A /* ECMeetingMember.h */,
				92D272931E84AE570016F07A /* ECMeetingRoom.h */,
				92D272941E84AE570016F07A /* ECMessage.h */,
				92D272951E84AE570016F07A /* ECMessageBody.h */,
				92D272961E84AE570016F07A /* ECMessageNotifyMsg.h */,
				92D272971E84AE570016F07A /* ECMultiDeviceState.h */,
				92D272981E84AE570016F07A /* ECMultiVideoMeetingMsg.h */,
				92D272991E84AE570016F07A /* ECMultiVoiceMeetingMsg.h */,
				92D2729A1E84AE570016F07A /* ECPersonInfo.h */,
				92D2729B1E84AE570016F07A /* ECPreviewMessageBody.h */,
				92D2729C1E84AE570016F07A /* ECProgressDelegate.h */,
				92D2729D1E84AE570016F07A /* ECReadMessageMember.h */,
				92D2729E1E84AE570016F07A /* ECSountTouchConfig.h */,
				92D2729F1E84AE570016F07A /* ECTextMessageBody.h */,
				92D272A01E84AE570016F07A /* ECUserState.h */,
				92D272A11E84AE570016F07A /* ECUserStateMessageBody.h */,
				92D272A21E84AE570016F07A /* ECVideoMessageBody.h */,
				92D272A31E84AE570016F07A /* ECVoiceMessageBody.h */,
				92D272A41E84AE570016F07A /* NetworkStatistic.h */,
				92D272A51E84AE570016F07A /* VoipCall.h */,
			);
			path = types;
			sourceTree = "<group>";
		};
		92D272E11E84AE850016F07A /* RnCode */ = {
			isa = PBXGroup;
			children = (
				92D272E21E84AE850016F07A /* Ytx */,
			);
			path = RnCode;
			sourceTree = "<group>";
		};
		92D272E21E84AE850016F07A /* Ytx */ = {
			isa = PBXGroup;
			children = (
				92D28D061E84B678004A002B /* thirdparty */,
				92D28CB11E84B0C4004A002B /* Tool */,
				92D272E31E84AE850016F07A /* DeviceDelegateHelper */,
			);
			path = Ytx;
			sourceTree = "<group>";
		};
		92D272E31E84AE850016F07A /* DeviceDelegateHelper */ = {
			isa = PBXGroup;
			children = (
				92D272E41E84AE850016F07A /* DeviceChatHelper.h */,
				92D272E51E84AE850016F07A /* DeviceChatHelper.m */,
				92D272E61E84AE850016F07A /* DeviceDelegateHelper+Meeting.h */,
				92D272E71E84AE850016F07A /* DeviceDelegateHelper+Meeting.m */,
				92D272E81E84AE850016F07A /* DeviceDelegateHelper+VoIP.h */,
				92D272E91E84AE850016F07A /* DeviceDelegateHelper+VoIP.m */,
				92D272EA1E84AE850016F07A /* DeviceDelegateHelper.h */,
				92D272EB1E84AE850016F07A /* DeviceDelegateHelper.m */,
			);
			path = DeviceDelegateHelper;
			sourceTree = "<group>";
		};
		92D28CB11E84B0C4004A002B /* Tool */ = {
			isa = PBXGroup;
			children = (
				92D28CB21E84B0C4004A002B /* AddressBook */,
				92D28CB71E84B0C4004A002B /* CommonTools.h */,
				92D28CB81E84B0C4004A002B /* CommonTools.m */,
				92D28CC21E84B0C4004A002B /* DemoGlobalClass.h */,
				92D28CC31E84B0C4004A002B /* DemoGlobalClass.m */,
				92D28CC41E84B0C4004A002B /* ECTransmitMessage */,
				92D28CC71E84B0C4004A002B /* EmojiTool */,
				92D28CCC1E84B0C4004A002B /* HttpTool */,
				92D28CCF1E84B0C4004A002B /* KeyboardToolBar */,
				92D28CD81E84B0C4004A002B /* Location */,
				92D28CDD1E84B0C4004A002B /* WebBrowser */,
			);
			path = Tool;
			sourceTree = "<group>";
		};
		92D28CB21E84B0C4004A002B /* AddressBook */ = {
			isa = PBXGroup;
			children = (
				92D28CB31E84B0C4004A002B /* AddressBook.h */,
				92D28CB41E84B0C4004A002B /* AddressBook.m */,
				92D28CB51E84B0C4004A002B /* AddressBookManager.h */,
				92D28CB61E84B0C4004A002B /* AddressBookManager.m */,
			);
			path = AddressBook;
			sourceTree = "<group>";
		};
		92D28CC41E84B0C4004A002B /* ECTransmitMessage */ = {
			isa = PBXGroup;
			children = (
				92D28CC51E84B0C4004A002B /* TransmitContactViewController.h */,
				92D28CC61E84B0C4004A002B /* TransmitContactViewController.m */,
			);
			path = ECTransmitMessage;
			sourceTree = "<group>";
		};
		92D28CC71E84B0C4004A002B /* EmojiTool */ = {
			isa = PBXGroup;
			children = (
				92D28CC81E84B0C4004A002B /* CustomEmojiView.h */,
				92D28CC91E84B0C4004A002B /* CustomEmojiView.m */,
				92D28CCA1E84B0C4004A002B /* EmojiConvertor.h */,
				92D28CCB1E84B0C4004A002B /* EmojiConvertor.m */,
			);
			path = EmojiTool;
			sourceTree = "<group>";
		};
		92D28CCC1E84B0C4004A002B /* HttpTool */ = {
			isa = PBXGroup;
			children = (
				92D28CCD1E84B0C4004A002B /* AFNHttpTool.h */,
				92D28CCE1E84B0C4004A002B /* AFNHttpTool.m */,
			);
			path = HttpTool;
			sourceTree = "<group>";
		};
		92D28CCF1E84B0C4004A002B /* KeyboardToolBar */ = {
			isa = PBXGroup;
			children = (
				92D28CD01E84B0C4004A002B /* ChangeVoiceView.h */,
				92D28CD11E84B0C4004A002B /* ChangeVoiceView.m */,
				92D28CD21E84B0C4004A002B /* ECDeviceVoiceRecordView.h */,
				92D28CD31E84B0C4004A002B /* ECDeviceVoiceRecordView.m */,
				92D28CD41E84B0C4004A002B /* InputToolBarView.h */,
				92D28CD51E84B0C4004A002B /* InputToolBarView.m */,
				92D28CD61E84B0C4004A002B /* MoreView.h */,
				92D28CD71E84B0C4004A002B /* MoreView.m */,
			);
			path = KeyboardToolBar;
			sourceTree = "<group>";
		};
		92D28CD81E84B0C4004A002B /* Location */ = {
			isa = PBXGroup;
			children = (
				92D28CD91E84B0C4004A002B /* ECLocationPoint.h */,
				92D28CDA1E84B0C4004A002B /* ECLocationPoint.m */,
				92D28CDB1E84B0C4004A002B /* ECLocationViewController.h */,
				92D28CDC1E84B0C4004A002B /* ECLocationViewController.m */,
			);
			path = Location;
			sourceTree = "<group>";
		};
		92D28CDD1E84B0C4004A002B /* WebBrowser */ = {
			isa = PBXGroup;
			children = (
				92D28CDE1E84B0C4004A002B /* WebBrowserBaseViewController.h */,
				92D28CDF1E84B0C4004A002B /* WebBrowserBaseViewController.m */,
			);
			path = WebBrowser;
			sourceTree = "<group>";
		};
		92D28D061E84B678004A002B /* thirdparty */ = {
			isa = PBXGroup;
			children = (
				92D28D071E84B678004A002B /* AFNetworking */,
			);
			path = thirdparty;
			sourceTree = "<group>";
		};
		92D28D071E84B678004A002B /* AFNetworking */ = {
			isa = PBXGroup;
			children = (
				92D28D081E84B678004A002B /* AFHTTPSessionManager.h */,
				92D28D091E84B678004A002B /* AFHTTPSessionManager.m */,
				92D28D0A1E84B678004A002B /* AFNetworking.h */,
				92D28D0B1E84B678004A002B /* AFNetworkReachabilityManager.h */,
				92D28D0C1E84B678004A002B /* AFNetworkReachabilityManager.m */,
				92D28D0D1E84B678004A002B /* AFSecurityPolicy.h */,
				92D28D0E1E84B678004A002B /* AFSecurityPolicy.m */,
				92D28D0F1E84B678004A002B /* AFURLRequestSerialization.h */,
				92D28D101E84B678004A002B /* AFURLRequestSerialization.m */,
				92D28D111E84B678004A002B /* AFURLResponseSerialization.h */,
				92D28D121E84B678004A002B /* AFURLResponseSerialization.m */,
				92D28D131E84B678004A002B /* AFURLSessionManager.h */,
				92D28D141E84B678004A002B /* AFURLSessionManager.m */,
			);
			path = AFNetworking;
			sourceTree = "<group>";
		};
/* End PBXGroup section */

/* Begin PBXHeadersBuildPhase section */
		925FC4E71E7FD79400023110 /* Headers */ = {
			isa = PBXHeadersBuildPhase;
			buildActionMask = 2147483647;
			files = (
				92D272AE1E84AE570016F07A /* ECSystemDelegate.h in Headers */,
				92D28DFD1E84B678004A002B /* AFSecurityPolicy.h in Headers */,
				92D272A91E84AE570016F07A /* ECDeskDelegate.h in Headers */,
				92D272D01E84AE570016F07A /* ECMessageBody.h in Headers */,
				92D28DFA1E84B678004A002B /* AFNetworking.h in Headers */,
				92D272D21E84AE570016F07A /* ECMultiDeviceState.h in Headers */,
				92D272BA1E84AE570016F07A /* ECMessageManager.h in Headers */,
				92D272D11E84AE570016F07A /* ECMessageNotifyMsg.h in Headers */,
				92D272A71E84AE570016F07A /* ECChatDelegate.h in Headers */,
				92D28E011E84B678004A002B /* AFURLResponseSerialization.h in Headers */,
				92D272DB1E84AE570016F07A /* ECUserState.h in Headers */,
				92D272C71E84AE570016F07A /* ECGroupNoticeMessage.h in Headers */,
				92D28CF21E84B0C4004A002B /* CustomEmojiView.h in Headers */,
				92D272B31E84AE570016F07A /* ECEnumDefs.h in Headers */,
				92D272C41E84AE570016F07A /* ECGroup.h in Headers */,
				92D272BC1E84AE570016F07A /* ECVoIPManager.h in Headers */,
				92D272CD1E84AE570016F07A /* ECMeetingMember.h in Headers */,
				92D272A81E84AE570016F07A /* ECDelegateBase.h in Headers */,
				92D28CFA1E84B0C4004A002B /* ECDeviceVoiceRecordView.h in Headers */,
				92D272B71E84AE570016F07A /* ECGroupManager.h in Headers */,
				92D272D61E84AE570016F07A /* ECPreviewMessageBody.h in Headers */,
				92D272E01E84AE570016F07A /* VoipCall.h in Headers */,
				92D28DFB1E84B678004A002B /* AFNetworkReachabilityManager.h in Headers */,
				92D272BD1E84AE570016F07A /* ECVoIPSetManager.h in Headers */,
				92D272B91E84AE570016F07A /* ECMeetingManager.h in Headers */,
				92D28CF81E84B0C4004A002B /* ChangeVoiceView.h in Headers */,
				92D272BB1E84AE570016F07A /* ECVoIPCallManager.h in Headers */,
				92D272AC1E84AE570016F07A /* ECMessageDelegate.h in Headers */,
				92D28CEE1E84B0C4004A002B /* DemoGlobalClass.h in Headers */,
				92D28D041E84B0C4004A002B /* WebBrowserBaseViewController.h in Headers */,
				92D28CF41E84B0C4004A002B /* EmojiConvertor.h in Headers */,
				92D272C11E84AE570016F07A /* ECCreateMeetingParams.h in Headers */,
				92D272CA1E84AE570016F07A /* ECInterphoneMeetingMsg.h in Headers */,
				92D28CF01E84B0C4004A002B /* TransmitContactViewController.h in Headers */,
				92D272AB1E84AE570016F07A /* ECMeetingDelegate.h in Headers */,
				92D28CE01E84B0C4004A002B /* AddressBook.h in Headers */,
				92D28DFF1E84B678004A002B /* AFURLRequestSerialization.h in Headers */,
				92D272D81E84AE570016F07A /* ECReadMessageMember.h in Headers */,
				92D272C61E84AE570016F07A /* ECGroupMember.h in Headers */,
				92D272DF1E84AE570016F07A /* NetworkStatistic.h in Headers */,
				92D28D001E84B0C4004A002B /* ECLocationPoint.h in Headers */,
				92D28E031E84B678004A002B /* AFURLSessionManager.h in Headers */,
				92D272C81E84AE570016F07A /* ECGroupOption.h in Headers */,
				92D272CE1E84AE570016F07A /* ECMeetingRoom.h in Headers */,
				925FC4EF1E7FD79400023110 /* UhutuRnPlus.h in Headers */,
				92D272C91E84AE570016F07A /* ECImageMessageBody.h in Headers */,
				92D272DA1E84AE570016F07A /* ECTextMessageBody.h in Headers */,
				92D272B61E84AE570016F07A /* ECDeskManager.h in Headers */,
				92D272AD1E84AE570016F07A /* ECNetworkDelegate.h in Headers */,
				92D272D71E84AE570016F07A /* ECProgressDelegate.h in Headers */,
				92D272EE1E84AE850016F07A /* DeviceDelegateHelper+Meeting.h in Headers */,
				92D272B11E84AE570016F07A /* ECDeviceDelegate.h in Headers */,
				92D28D021E84B0C4004A002B /* ECLocationViewController.h in Headers */,
				92D28DF81E84B678004A002B /* AFHTTPSessionManager.h in Headers */,
				92D272F01E84AE850016F07A /* DeviceDelegateHelper+VoIP.h in Headers */,
				92D28CF61E84B0C4004A002B /* AFNHttpTool.h in Headers */,
				92D272DE1E84AE570016F07A /* ECVoiceMessageBody.h in Headers */,
				92D272D41E84AE570016F07A /* ECMultiVoiceMeetingMsg.h in Headers */,
				92D272CB1E84AE570016F07A /* ECLocationMessageBody.h in Headers */,
				92D272C21E84AE570016F07A /* ECError.h in Headers */,
				92D272C51E84AE570016F07A /* ECGroupMatch.h in Headers */,
				92D272D91E84AE570016F07A /* ECSountTouchConfig.h in Headers */,
				92D272D31E84AE570016F07A /* ECMultiVideoMeetingMsg.h in Headers */,
				92D272AA1E84AE570016F07A /* ECGroupDelegate.h in Headers */,
				92D28CFC1E84B0C4004A002B /* InputToolBarView.h in Headers */,
				92D272B21E84AE570016F07A /* ECDeviceHeaders.h in Headers */,
				92D272B01E84AE570016F07A /* ECDevice.h in Headers */,
				92D272BE1E84AE570016F07A /* CameraDeviceInfo.h in Headers */,
				92D272B51E84AE570016F07A /* ECChatManager.h in Headers */,
				92D28CFE1E84B0C4004A002B /* MoreView.h in Headers */,
				92D272CF1E84AE570016F07A /* ECMessage.h in Headers */,
				92D272F21E84AE850016F07A /* DeviceDelegateHelper.h in Headers */,
				92D272EC1E84AE850016F07A /* DeviceChatHelper.h in Headers */,
				92D28CE21E84B0C4004A002B /* AddressBookManager.h in Headers */,
				92D272D51E84AE570016F07A /* ECPersonInfo.h in Headers */,
				92D272CC1E84AE570016F07A /* ECLoginInfo.h in Headers */,
				92D272AF1E84AE570016F07A /* ECVoIPCallDelegate.h in Headers */,
				92D272C01E84AE570016F07A /* ECCallMessageBody.h in Headers */,
				92D28CE41E84B0C4004A002B /* CommonTools.h in Headers */,
				92D272BF1E84AE570016F07A /* ECAudioConfig.h in Headers */,
				92D272C31E84AE570016F07A /* ECFileMessageBody.h in Headers */,
				92D272DC1E84AE570016F07A /* ECUserStateMessageBody.h in Headers */,
				92D272DD1E84AE570016F07A /* ECVideoMessageBody.h in Headers */,
				92D272B81E84AE570016F07A /* ECManagerBase.h in Headers */,
			);
			runOnlyForDeploymentPostprocessing = 0;
		};
/* End PBXHeadersBuildPhase section */

/* Begin PBXNativeTarget section */
		925FC4E91E7FD79400023110 /* UhutuRnPlus */ = {
			isa = PBXNativeTarget;
			buildConfigurationList = 925FC4F21E7FD79400023110 /* Build configuration list for PBXNativeTarget "UhutuRnPlus" */;
			buildPhases = (
				925FC4E51E7FD79400023110 /* Sources */,
				925FC4E61E7FD79400023110 /* Frameworks */,
				925FC4E71E7FD79400023110 /* Headers */,
				925FC4E81E7FD79400023110 /* Resources */,
			);
			buildRules = (
			);
			dependencies = (
			);
			name = UhutuRnPlus;
			productName = UhutuRnPlus;
			productReference = 925FC4EA1E7FD79400023110 /* UhutuRnPlus.framework */;
			productType = "com.apple.product-type.framework";
		};
/* End PBXNativeTarget section */

/* Begin PBXProject section */
		925FC4E11E7FD79400023110 /* Project object */ = {
			isa = PBXProject;
			attributes = {
				LastUpgradeCheck = 0820;
				ORGANIZATIONNAME = srnpr;
				TargetAttributes = {
					925FC4E91E7FD79400023110 = {
						CreatedOnToolsVersion = 8.2.1;
						ProvisioningStyle = Automatic;
					};
				};
			};
			buildConfigurationList = 925FC4E41E7FD79400023110 /* Build configuration list for PBXProject "UhutuRnPlus" */;
			compatibilityVersion = "Xcode 3.2";
			developmentRegion = English;
			hasScannedForEncodings = 0;
			knownRegions = (
				en,
			);
			mainGroup = 925FC4E01E7FD79400023110;
			productRefGroup = 925FC4EB1E7FD79400023110 /* Products */;
			projectDirPath = "";
			projectRoot = "";
			targets = (
				925FC4E91E7FD79400023110 /* UhutuRnPlus */,
			);
		};
/* End PBXProject section */

/* Begin PBXResourcesBuildPhase section */
		925FC4E81E7FD79400023110 /* Resources */ = {
			isa = PBXResourcesBuildPhase;
			buildActionMask = 2147483647;
			files = (
				92D272A61E84AE570016F07A /* CCPSDKBundle.bundle in Resources */,
			);
			runOnlyForDeploymentPostprocessing = 0;
		};
/* End PBXResourcesBuildPhase section */

/* Begin PBXSourcesBuildPhase section */
		925FC4E51E7FD79400023110 /* Sources */ = {
			isa = PBXSourcesBuildPhase;
			buildActionMask = 2147483647;
			files = (
				92D28CF51E84B0C4004A002B /* EmojiConvertor.m in Sources */,
				92D270FD1E8371460016F07A /* PlusYtx.m in Sources */,
				92D28CF71E84B0C4004A002B /* AFNHttpTool.m in Sources */,
				92D28CEF1E84B0C4004A002B /* DemoGlobalClass.m in Sources */,
				92D272ED1E84AE850016F07A /* DeviceChatHelper.m in Sources */,
				92D28CFD1E84B0C4004A002B /* InputToolBarView.m in Sources */,
				92D28CF11E84B0C4004A002B /* TransmitContactViewController.m in Sources */,
				92D28CE51E84B0C4004A002B /* CommonTools.m in Sources */,
				92D28DFE1E84B678004A002B /* AFSecurityPolicy.m in Sources */,
				92D28CF91E84B0C4004A002B /* ChangeVoiceView.m in Sources */,
				92D272F11E84AE850016F07A /* DeviceDelegateHelper+VoIP.m in Sources */,
				92D28DF91E84B678004A002B /* AFHTTPSessionManager.m in Sources */,
				92D28E041E84B678004A002B /* AFURLSessionManager.m in Sources */,
				92D28DFC1E84B678004A002B /* AFNetworkReachabilityManager.m in Sources */,
				92D28D051E84B0C4004A002B /* WebBrowserBaseViewController.m in Sources */,
				92D28CE31E84B0C4004A002B /* AddressBookManager.m in Sources */,
				92D28D031E84B0C4004A002B /* ECLocationViewController.m in Sources */,
				92D28E021E84B678004A002B /* AFURLResponseSerialization.m in Sources */,
				92D28E001E84B678004A002B /* AFURLRequestSerialization.m in Sources */,
				92D28CE11E84B0C4004A002B /* AddressBook.m in Sources */,
				92D28CFF1E84B0C4004A002B /* MoreView.m in Sources */,
				92D28CFB1E84B0C4004A002B /* ECDeviceVoiceRecordView.m in Sources */,
				92D28CF31E84B0C4004A002B /* CustomEmojiView.m in Sources */,
				92D28D011E84B0C4004A002B /* ECLocationPoint.m in Sources */,
				92D272EF1E84AE850016F07A /* DeviceDelegateHelper+Meeting.m in Sources */,
				92D272F31E84AE850016F07A /* DeviceDelegateHelper.m in Sources */,
			);
			runOnlyForDeploymentPostprocessing = 0;
		};
/* End PBXSourcesBuildPhase section */

/* Begin XCBuildConfiguration section */
		925FC4F01E7FD79400023110 /* Debug */ = {
			isa = XCBuildConfiguration;
			buildSettings = {
				ALWAYS_SEARCH_USER_PATHS = NO;
				CLANG_ANALYZER_NONNULL = YES;
				CLANG_CXX_LANGUAGE_STANDARD = "gnu++0x";
				CLANG_CXX_LIBRARY = "libc++";
				CLANG_ENABLE_MODULES = YES;
				CLANG_ENABLE_OBJC_ARC = YES;
				CLANG_WARN_BOOL_CONVERSION = YES;
				CLANG_WARN_CONSTANT_CONVERSION = YES;
				CLANG_WARN_DIRECT_OBJC_ISA_USAGE = YES_ERROR;
				CLANG_WARN_DOCUMENTATION_COMMENTS = YES;
				CLANG_WARN_EMPTY_BODY = YES;
				CLANG_WARN_ENUM_CONVERSION = YES;
				CLANG_WARN_INFINITE_RECURSION = YES;
				CLANG_WARN_INT_CONVERSION = YES;
				CLANG_WARN_OBJC_ROOT_CLASS = YES_ERROR;
				CLANG_WARN_SUSPICIOUS_MOVE = YES;
				CLANG_WARN_UNREACHABLE_CODE = YES;
				CLANG_WARN__DUPLICATE_METHOD_MATCH = YES;
				"CODE_SIGN_IDENTITY[sdk=iphoneos*]" = "iPhone Developer";
				COPY_PHASE_STRIP = NO;
				CURRENT_PROJECT_VERSION = 1;
				DEBUG_INFORMATION_FORMAT = dwarf;
				ENABLE_STRICT_OBJC_MSGSEND = YES;
				ENABLE_TESTABILITY = YES;
				GCC_C_LANGUAGE_STANDARD = gnu99;
				GCC_DYNAMIC_NO_PIC = NO;
				GCC_NO_COMMON_BLOCKS = YES;
				GCC_OPTIMIZATION_LEVEL = 0;
				GCC_PREPROCESSOR_DEFINITIONS = (
					"DEBUG=1",
					"$(inherited)",
				);
				GCC_WARN_64_TO_32_BIT_CONVERSION = YES;
				GCC_WARN_ABOUT_RETURN_TYPE = YES_ERROR;
				GCC_WARN_UNDECLARED_SELECTOR = YES;
				GCC_WARN_UNINITIALIZED_AUTOS = YES_AGGRESSIVE;
				GCC_WARN_UNUSED_FUNCTION = YES;
				GCC_WARN_UNUSED_VARIABLE = YES;
				HEADER_SEARCH_PATHS = "$(SRCROOT)/../node_modules/react-native/React";
				IPHONEOS_DEPLOYMENT_TARGET = 10.2;
				LIBRARY_SEARCH_PATHS = "";
				MTL_ENABLE_DEBUG_INFO = YES;
				ONLY_ACTIVE_ARCH = YES;
				SDKROOT = iphoneos;
				TARGETED_DEVICE_FAMILY = "1,2";
				VERSIONING_SYSTEM = "apple-generic";
				VERSION_INFO_PREFIX = "";
			};
			name = Debug;
		};
		925FC4F11E7FD79400023110 /* Release */ = {
			isa = XCBuildConfiguration;
			buildSettings = {
				ALWAYS_SEARCH_USER_PATHS = NO;
				CLANG_ANALYZER_NONNULL = YES;
				CLANG_CXX_LANGUAGE_STANDARD = "gnu++0x";
				CLANG_CXX_LIBRARY = "libc++";
				CLANG_ENABLE_MODULES = YES;
				CLANG_ENABLE_OBJC_ARC = YES;
				CLANG_WARN_BOOL_CONVERSION = YES;
				CLANG_WARN_CONSTANT_CONVERSION = YES;
				CLANG_WARN_DIRECT_OBJC_ISA_USAGE = YES_ERROR;
				CLANG_WARN_DOCUMENTATION_COMMENTS = YES;
				CLANG_WARN_EMPTY_BODY = YES;
				CLANG_WARN_ENUM_CONVERSION = YES;
				CLANG_WARN_INFINITE_RECURSION = YES;
				CLANG_WARN_INT_CONVERSION = YES;
				CLANG_WARN_OBJC_ROOT_CLASS = YES_ERROR;
				CLANG_WARN_SUSPICIOUS_MOVE = YES;
				CLANG_WARN_UNREACHABLE_CODE = YES;
				CLANG_WARN__DUPLICATE_METHOD_MATCH = YES;
				"CODE_SIGN_IDENTITY[sdk=iphoneos*]" = "iPhone Developer";
				COPY_PHASE_STRIP = NO;
				CURRENT_PROJECT_VERSION = 1;
				DEBUG_INFORMATION_FORMAT = "dwarf-with-dsym";
				ENABLE_NS_ASSERTIONS = NO;
				ENABLE_STRICT_OBJC_MSGSEND = YES;
				GCC_C_LANGUAGE_STANDARD = gnu99;
				GCC_NO_COMMON_BLOCKS = YES;
				GCC_WARN_64_TO_32_BIT_CONVERSION = YES;
				GCC_WARN_ABOUT_RETURN_TYPE = YES_ERROR;
				GCC_WARN_UNDECLARED_SELECTOR = YES;
				GCC_WARN_UNINITIALIZED_AUTOS = YES_AGGRESSIVE;
				GCC_WARN_UNUSED_FUNCTION = YES;
				GCC_WARN_UNUSED_VARIABLE = YES;
				HEADER_SEARCH_PATHS = "$(SRCROOT)/../node_modules/react-native/React";
				IPHONEOS_DEPLOYMENT_TARGET = 10.2;
				LIBRARY_SEARCH_PATHS = "";
				MTL_ENABLE_DEBUG_INFO = NO;
				SDKROOT = iphoneos;
				TARGETED_DEVICE_FAMILY = "1,2";
				VALIDATE_PRODUCT = YES;
				VERSIONING_SYSTEM = "apple-generic";
				VERSION_INFO_PREFIX = "";
			};
			name = Release;
		};
		925FC4F31E7FD79400023110 /* Debug */ = {
			isa = XCBuildConfiguration;
			buildSettings = {
				CODE_SIGN_IDENTITY = "";
				DEFINES_MODULE = YES;
				DYLIB_COMPATIBILITY_VERSION = 1;
				DYLIB_CURRENT_VERSION = 1;
				DYLIB_INSTALL_NAME_BASE = "@rpath";
				FRAMEWORK_SEARCH_PATHS = (
					"$(inherited)",
					"$(PROJECT_DIR)/RnCode/Ytx/thirdparty/BQMM_SDK/BQMM",
					"$(PROJECT_DIR)/RnCode/Ytx/thirdparty",
					"$(PROJECT_DIR)/RnCode/Ytx/thirdparty/ShareSDK",
					"$(PROJECT_DIR)/RnCode/Ytx/thirdparty/ShareSDK/Support/Optional",
					"$(PROJECT_DIR)/RnCode/Ytx/thirdparty/ShareSDK/Support/Required",
				);
				HEADER_SEARCH_PATHS = "$(SRCROOT)/../node_modules/react-native/React";
				INFOPLIST_FILE = UhutuRnPlus/Info.plist;
				INSTALL_PATH = "$(LOCAL_LIBRARY_DIR)/Frameworks";
				LD_RUNPATH_SEARCH_PATHS = "$(inherited) @executable_path/Frameworks @loader_path/Frameworks";
				LIBRARY_SEARCH_PATHS = (
					"$(inherited)",
					"$(PROJECT_DIR)/RnSdk/YTX_iOS_Full_SDK/lib",
					"$(PROJECT_DIR)/RnCode/Ytx/thirdparty/Redpacket/AliPay/AlipayLib",
					"$(PROJECT_DIR)/RnCode/Ytx/thirdparty/Redpacket/RedpacketStaticLib/lib",
					"$(PROJECT_DIR)/RnCode/Ytx/thirdparty/ShareSDK/Support/PlatformSDK/WeChatSDK",
				);
				PRODUCT_BUNDLE_IDENTIFIER = com.uhutu.rn.UhutuRnPlus;
				PRODUCT_NAME = "$(TARGET_NAME)";
				SKIP_INSTALL = YES;
			};
			name = Debug;
		};
		925FC4F41E7FD79400023110 /* Release */ = {
			isa = XCBuildConfiguration;
			buildSettings = {
				CODE_SIGN_IDENTITY = "";
				DEFINES_MODULE = YES;
				DYLIB_COMPATIBILITY_VERSION = 1;
				DYLIB_CURRENT_VERSION = 1;
				DYLIB_INSTALL_NAME_BASE = "@rpath";
				FRAMEWORK_SEARCH_PATHS = (
					"$(inherited)",
					"$(PROJECT_DIR)/RnCode/Ytx/thirdparty/BQMM_SDK/BQMM",
					"$(PROJECT_DIR)/RnCode/Ytx/thirdparty",
					"$(PROJECT_DIR)/RnCode/Ytx/thirdparty/ShareSDK",
					"$(PROJECT_DIR)/RnCode/Ytx/thirdparty/ShareSDK/Support/Optional",
					"$(PROJECT_DIR)/RnCode/Ytx/thirdparty/ShareSDK/Support/Required",
				);
				HEADER_SEARCH_PATHS = "$(SRCROOT)/../node_modules/react-native/React";
				INFOPLIST_FILE = UhutuRnPlus/Info.plist;
				INSTALL_PATH = "$(LOCAL_LIBRARY_DIR)/Frameworks";
				LD_RUNPATH_SEARCH_PATHS = "$(inherited) @executable_path/Frameworks @loader_path/Frameworks";
				LIBRARY_SEARCH_PATHS = (
					"$(inherited)",
					"$(PROJECT_DIR)/RnSdk/YTX_iOS_Full_SDK/lib",
					"$(PROJECT_DIR)/RnCode/Ytx/thirdparty/Redpacket/AliPay/AlipayLib",
					"$(PROJECT_DIR)/RnCode/Ytx/thirdparty/Redpacket/RedpacketStaticLib/lib",
					"$(PROJECT_DIR)/RnCode/Ytx/thirdparty/ShareSDK/Support/PlatformSDK/WeChatSDK",
				);
				PRODUCT_BUNDLE_IDENTIFIER = com.uhutu.rn.UhutuRnPlus;
				PRODUCT_NAME = "$(TARGET_NAME)";
				SKIP_INSTALL = YES;
			};
			name = Release;
		};
/* End XCBuildConfiguration section */

/* Begin XCConfigurationList section */
		925FC4E41E7FD79400023110 /* Build configuration list for PBXProject "UhutuRnPlus" */ = {
			isa = XCConfigurationList;
			buildConfigurations = (
				925FC4F01E7FD79400023110 /* Debug */,
				925FC4F11E7FD79400023110 /* Release */,
			);
			defaultConfigurationIsVisible = 0;
			defaultConfigurationName = Release;
		};
		925FC4F21E7FD79400023110 /* Build configuration list for PBXNativeTarget "UhutuRnPlus" */ = {
			isa = XCConfigurationList;
			buildConfigurations = (
				925FC4F31E7FD79400023110 /* Debug */,
				925FC4F41E7FD79400023110 /* Release */,
			);
			defaultConfigurationIsVisible = 0;
			defaultConfigurationName = Release;
		};
/* End XCConfigurationList section */
	};
	rootObject = 925FC4E11E7FD79400023110 /* Project object */;
}
