// !$*UTF8*$!
{
	archiveVersion = 1;
	classes = {
	};
	objectVersion = 46;
	objects = {

/* Begin PBXBuildFile section */
		92D28F031E84CA2A004A002B /* RCTUhutuPlus.m in Sources */ = {isa = PBXBuildFile; fileRef = 92D28F021E84CA2A004A002B /* RCTUhutuPlus.m */; };
		92D28F041E84CA2A004A002B /* RCTUhutuPlus.h in CopyFiles */ = {isa = PBXBuildFile; fileRef = 92D28F011E84CA2A004A002B /* RCTUhutuPlus.h */; };
/* End PBXBuildFile section */

/* Begin PBXCopyFilesBuildPhase section */
		92D28EFC1E84CA2A004A002B /* CopyFiles */ = {
			isa = PBXCopyFilesBuildPhase;
			buildActionMask = 2147483647;
			dstPath = "include/$(PRODUCT_NAME)";
			dstSubfolderSpec = 16;
			files = (
				92D28F041E84CA2A004A002B /* RCTUhutuPlus.h in CopyFiles */,
			);
			runOnlyForDeploymentPostprocessing = 0;
		};
/* End PBXCopyFilesBuildPhase section */

/* Begin PBXFileReference section */
		92D28EFE1E84CA2A004A002B /* libRCTUhutuPlus.a */ = {isa = PBXFileReference; explicitFileType = archive.ar; includeInIndex = 0; path = libRCTUhutuPlus.a; sourceTree = BUILT_PRODUCTS_DIR; };
		92D28F011E84CA2A004A002B /* RCTUhutuPlus.h */ = {isa = PBXFileReference; lastKnownFileType = sourcecode.c.h; path = RCTUhutuPlus.h; sourceTree = "<group>"; };
		92D28F021E84CA2A004A002B /* RCTUhutuPlus.m */ = {isa = PBXFileReference; lastKnownFileType = sourcecode.c.objc; path = RCTUhutuPlus.m; sourceTree = "<group>"; };
/* End PBXFileReference section */

/* Begin PBXFrameworksBuildPhase section */
		92D28EFB1E84CA2A004A002B /* Frameworks */ = {
			isa = PBXFrameworksBuildPhase;
			buildActionMask = 2147483647;
			files = (
			);
			runOnlyForDeploymentPostprocessing = 0;
		};
/* End PBXFrameworksBuildPhase section */

/* Begin PBXGroup section */
		92D28EF51E84CA2A004A002B = {
			isa = PBXGroup;
			children = (
				92D28F001E84CA2A004A002B /* RCTUhutuPlus */,
				92D28EFF1E84CA2A004A002B /* Products */,
			);
			sourceTree = "<group>";
		};
		92D28EFF1E84CA2A004A002B /* Products */ = {
			isa = PBXGroup;
			children = (
				92D28EFE1E84CA2A004A002B /* libRCTUhutuPlus.a */,
			);
			name = Products;
			sourceTree = "<group>";
		};
		92D28F001E84CA2A004A002B /* RCTUhutuPlus */ = {
			isa = PBXGroup;
			children = (
				92D28F011E84CA2A004A002B /* RCTUhutuPlus.h */,
				92D28F021E84CA2A004A002B /* RCTUhutuPlus.m */,
			);
			path = RCTUhutuPlus;
			sourceTree = "<group>";
		};
/* End PBXGroup section */

/* Begin PBXNativeTarget section */
		92D28EFD1E84CA2A004A002B /* RCTUhutuPlus */ = {
			isa = PBXNativeTarget;
			buildConfigurationList = 92D28F071E84CA2A004A002B /* Build configuration list for PBXNativeTarget "RCTUhutuPlus" */;
			buildPhases = (
				92D28EFA1E84CA2A004A002B /* Sources */,
				92D28EFB1E84CA2A004A002B /* Frameworks */,
				92D28EFC1E84CA2A004A002B /* CopyFiles */,
			);
			buildRules = (
			);
			dependencies = (
			);
			name = RCTUhutuPlus;
			productName = RCTUhutuPlus;
			productReference = 92D28EFE1E84CA2A004A002B /* libRCTUhutuPlus.a */;
			productType = "com.apple.product-type.library.static";
		};
/* End PBXNativeTarget section */

/* Begin PBXProject section */
		92D28EF61E84CA2A004A002B /* Project object */ = {
			isa = PBXProject;
			attributes = {
				LastUpgradeCheck = 0820;
				ORGANIZATIONNAME = srnpr;
				TargetAttributes = {
					92D28EFD1E84CA2A004A002B = {
						CreatedOnToolsVersion = 8.2.1;
						ProvisioningStyle = Automatic;
					};
				};
			};
			buildConfigurationList = 92D28EF91E84CA2A004A002B /* Build configuration list for PBXProject "RCTUhutuPlus" */;
			compatibilityVersion = "Xcode 3.2";
			developmentRegion = English;
			hasScannedForEncodings = 0;
			knownRegions = (
				en,
			);
			mainGroup = 92D28EF51E84CA2A004A002B;
			productRefGroup = 92D28EFF1E84CA2A004A002B /* Products */;
			projectDirPath = "";
			projectRoot = "";
			targets = (
				92D28EFD1E84CA2A004A002B /* RCTUhutuPlus */,
			);
		};
/* End PBXProject section */

/* Begin PBXSourcesBuildPhase section */
		92D28EFA1E84CA2A004A002B /* Sources */ = {
			isa = PBXSourcesBuildPhase;
			buildActionMask = 2147483647;
			files = (
				92D28F031E84CA2A004A002B /* RCTUhutuPlus.m in Sources */,
			);
			runOnlyForDeploymentPostprocessing = 0;
		};
/* End PBXSourcesBuildPhase section */

/* Begin XCBuildConfiguration section */
		92D28F051E84CA2A004A002B /* Debug */ = {
			isa = XCBuildConfiguration;
			buildSettings = {
				ALWAYS_SEARCH_USER_PATHS = NO;
				CLANG_ANALYZER_NONNULL = YES;
				CLANG_CXX_LANGUAGE_STANDARD = "gnu++0x";
				CLANG_CXX_LIBRARY = "libc++";
				CLANG_ENABLE_MODULES = YES;
				CLANG_ENABLE_OBJC_ARC = YES;
				CLANG_WARN_BOOL_CONVERSION = YES;
				CLANG_WARN_CONSTANT_CONVERSION = YES;
				CLANG_WARN_DIRECT_OBJC_ISA_USAGE = YES_ERROR;
				CLANG_WARN_DOCUMENTATION_COMMENTS = YES;
				CLANG_WARN_EMPTY_BODY = YES;
				CLANG_WARN_ENUM_CONVERSION = YES;
				CLANG_WARN_INFINITE_RECURSION = YES;
				CLANG_WARN_INT_CONVERSION = YES;
				CLANG_WARN_OBJC_ROOT_CLASS = YES_ERROR;
				CLANG_WARN_SUSPICIOUS_MOVE = YES;
				CLANG_WARN_UNREACHABLE_CODE = YES;
				CLANG_WARN__DUPLICATE_METHOD_MATCH = YES;
				"CODE_SIGN_IDENTITY[sdk=iphoneos*]" = "iPhone Developer";
				COPY_PHASE_STRIP = NO;
				DEBUG_INFORMATION_FORMAT = dwarf;
				ENABLE_STRICT_OBJC_MSGSEND = YES;
				ENABLE_TESTABILITY = YES;
				GCC_C_LANGUAGE_STANDARD = gnu99;
				GCC_DYNAMIC_NO_PIC = NO;
				GCC_NO_COMMON_BLOCKS = YES;
				GCC_OPTIMIZATION_LEVEL = 0;
				GCC_PREPROCESSOR_DEFINITIONS = (
					"DEBUG=1",
					"$(inherited)",
				);
				GCC_WARN_64_TO_32_BIT_CONVERSION = YES;
				GCC_WARN_ABOUT_RETURN_TYPE = YES_ERROR;
				GCC_WARN_UNDECLARED_SELECTOR = YES;
				GCC_WARN_UNINITIALIZED_AUTOS = YES_AGGRESSIVE;
				GCC_WARN_UNUSED_FUNCTION = YES;
				GCC_WARN_UNUSED_VARIABLE = YES;
				HEADER_SEARCH_PATHS = "${SRCROOT}/../node_modules/react-native/React/**";
				IPHONEOS_DEPLOYMENT_TARGET = 10.2;
				MTL_ENABLE_DEBUG_INFO = YES;
				ONLY_ACTIVE_ARCH = YES;
				SDKROOT = iphoneos;
			};
			name = Debug;
		};
		92D28F061E84CA2A004A002B /* Release */ = {
			isa = XCBuildConfiguration;
			buildSettings = {
				ALWAYS_SEARCH_USER_PATHS = NO;
				CLANG_ANALYZER_NONNULL = YES;
				CLANG_CXX_LANGUAGE_STANDARD = "gnu++0x";
				CLANG_CXX_LIBRARY = "libc++";
				CLANG_ENABLE_MODULES = YES;
				CLANG_ENABLE_OBJC_ARC = YES;
				CLANG_WARN_BOOL_CONVERSION = YES;
				CLANG_WARN_CONSTANT_CONVERSION = YES;
				CLANG_WARN_DIRECT_OBJC_ISA_USAGE = YES_ERROR;
				CLANG_WARN_DOCUMENTATION_COMMENTS = YES;
				CLANG_WARN_EMPTY_BODY = YES;
				CLANG_WARN_ENUM_CONVERSION = YES;
				CLANG_WARN_INFINITE_RECURSION = YES;
				CLANG_WARN_INT_CONVERSION = YES;
				CLANG_WARN_OBJC_ROOT_CLASS = YES_ERROR;
				CLANG_WARN_SUSPICIOUS_MOVE = YES;
				CLANG_WARN_UNREACHABLE_CODE = YES;
				CLANG_WARN__DUPLICATE_METHOD_MATCH = YES;
				"CODE_SIGN_IDENTITY[sdk=iphoneos*]" = "iPhone Developer";
				COPY_PHASE_STRIP = NO;
				DEBUG_INFORMATION_FORMAT = "dwarf-with-dsym";
				ENABLE_NS_ASSERTIONS = NO;
				ENABLE_STRICT_OBJC_MSGSEND = YES;
				GCC_C_LANGUAGE_STANDARD = gnu99;
				GCC_NO_COMMON_BLOCKS = YES;
				GCC_WARN_64_TO_32_BIT_CONVERSION = YES;
				GCC_WARN_ABOUT_RETURN_TYPE = YES_ERROR;
				GCC_WARN_UNDECLARED_SELECTOR = YES;
				GCC_WARN_UNINITIALIZED_AUTOS = YES_AGGRESSIVE;
				GCC_WARN_UNUSED_FUNCTION = YES;
				GCC_WARN_UNUSED_VARIABLE = YES;
				HEADER_SEARCH_PATHS = "${SRCROOT}/../node_modules/react-native/React/**";
				IPHONEOS_DEPLOYMENT_TARGET = 10.2;
				MTL_ENABLE_DEBUG_INFO = NO;
				SDKROOT = iphoneos;
				VALIDATE_PRODUCT = YES;
			};
			name = Release;
		};
		92D28F081E84CA2A004A002B /* Debug */ = {
			isa = XCBuildConfiguration;
			buildSettings = {
				OTHER_LDFLAGS = "-ObjC";
				PRODUCT_NAME = "$(TARGET_NAME)";
				SKIP_INSTALL = YES;
			};
			name = Debug;
		};
		92D28F091E84CA2A004A002B /* Release */ = {
			isa = XCBuildConfiguration;
			buildSettings = {
				OTHER_LDFLAGS = "-ObjC";
				PRODUCT_NAME = "$(TARGET_NAME)";
				SKIP_INSTALL = YES;
			};
			name = Release;
		};
/* End XCBuildConfiguration section */

/* Begin XCConfigurationList section */
		92D28EF91E84CA2A004A002B /* Build configuration list for PBXProject "RCTUhutuPlus" */ = {
			isa = XCConfigurationList;
			buildConfigurations = (
				92D28F051E84CA2A004A002B /* Debug */,
				92D28F061E84CA2A004A002B /* Release */,
			);
			defaultConfigurationIsVisible = 0;
			defaultConfigurationName = Release;
		};
		92D28F071E84CA2A004A002B /* Build configuration list for PBXNativeTarget "RCTUhutuPlus" */ = {
			isa = XCConfigurationList;
			buildConfigurations = (
				92D28F081E84CA2A004A002B /* Debug */,
				92D28F091E84CA2A004A002B /* Release */,
			);
			defaultConfigurationIsVisible = 0;
			defaultConfigurationName = Release;
		};
/* End XCConfigurationList section */
	};
	rootObject = 92D28EF61E84CA2A004A002B /* Project object */;
}
